// !$*UTF8*$!
{
	archiveVersion = 1;
	classes = {
	};
	objectVersion = 50;
	objects = {

/* Begin PBXBuildFile section */
		CA6F3A53283A1B9300202589 /* MapStep.swift in Sources */ = {isa = PBXBuildFile; fileRef = CA6F3A52283A1B9300202589 /* MapStep.swift */; };
		CA6F3A56283A1C9B00202589 /* CLLocationCoordinate2D+Extension.swift in Sources */ = {isa = PBXBuildFile; fileRef = CA6F3A55283A1C9B00202589 /* CLLocationCoordinate2D+Extension.swift */; };
		CA6F3A5A283A21F400202589 /* StepsListView.swift in Sources */ = {isa = PBXBuildFile; fileRef = CA6F3A59283A21F400202589 /* StepsListView.swift */; };
		CA6F3ABA283B9AAE00202589 /* AddressAutoCompleterView.swift in Sources */ = {isa = PBXBuildFile; fileRef = CA6F3AB9283B9AAE00202589 /* AddressAutoCompleterView.swift */; };
		CA6F3ABF283B9CDE00202589 /* AddressCompleter.swift in Sources */ = {isa = PBXBuildFile; fileRef = CA6F3ABE283B9CDE00202589 /* AddressCompleter.swift */; };
		CA6F3AC4283BB0A600202589 /* View+Extension.swift in Sources */ = {isa = PBXBuildFile; fileRef = CA6F3AC3283BB0A600202589 /* View+Extension.swift */; };
		CA6F3ACA283BC02D00202589 /* TurnToTurnDataModel.xcdatamodeld in Sources */ = {isa = PBXBuildFile; fileRef = CA6F3AC8283BC02D00202589 /* TurnToTurnDataModel.xcdatamodeld */; };
		CA6F3ACD283BC11600202589 /* CoreDataManager.swift in Sources */ = {isa = PBXBuildFile; fileRef = CA6F3ACC283BC11600202589 /* CoreDataManager.swift */; };
		CAA72E8D28361E6E000D3DE6 /* SessionManager.swift in Sources */ = {isa = PBXBuildFile; fileRef = CAA72E8C28361E6E000D3DE6 /* SessionManager.swift */; };
		CAA72E9728363E45000D3DE6 /* GraphColumnsChartView.swift in Sources */ = {isa = PBXBuildFile; fileRef = CAA72E9028363E45000D3DE6 /* GraphColumnsChartView.swift */; };
		CAA72E9828363E45000D3DE6 /* GraphColumnsChartItem.swift in Sources */ = {isa = PBXBuildFile; fileRef = CAA72E9228363E45000D3DE6 /* GraphColumnsChartItem.swift */; };
		CAA72E9928363E45000D3DE6 /* CGFloat+Extension.swift in Sources */ = {isa = PBXBuildFile; fileRef = CAA72E9428363E45000D3DE6 /* CGFloat+Extension.swift */; };
		CAA72E9A28363E45000D3DE6 /* GraphColumnView.swift in Sources */ = {isa = PBXBuildFile; fileRef = CAA72E9628363E45000D3DE6 /* GraphColumnView.swift */; };
		CAA72E9D28363E67000D3DE6 /* DailyCrossedDistance.swift in Sources */ = {isa = PBXBuildFile; fileRef = CAA72E9C28363E67000D3DE6 /* DailyCrossedDistance.swift */; };
		CAA72EA028363EB4000D3DE6 /* DropDownDateView.swift in Sources */ = {isa = PBXBuildFile; fileRef = CAA72E9F28363EB4000D3DE6 /* DropDownDateView.swift */; };
		CAA72EA428363F14000D3DE6 /* NavigationButtonModifire.swift in Sources */ = {isa = PBXBuildFile; fileRef = CAA72EA328363F14000D3DE6 /* NavigationButtonModifire.swift */; };
		CAA72EA728363F67000D3DE6 /* GreedyViewModifire.swift in Sources */ = {isa = PBXBuildFile; fileRef = CAA72EA628363F67000D3DE6 /* GreedyViewModifire.swift */; };
		CAA72EAB28363FB5000D3DE6 /* DropdownList.swift in Sources */ = {isa = PBXBuildFile; fileRef = CAA72EAA28363FB5000D3DE6 /* DropdownList.swift */; };
		CAA72EAE28363FF8000D3DE6 /* BottomSheetNotificationView.swift in Sources */ = {isa = PBXBuildFile; fileRef = CAA72EAD28363FF8000D3DE6 /* BottomSheetNotificationView.swift */; };
		CAA72EB628365D44000D3DE6 /* MapView.swift in Sources */ = {isa = PBXBuildFile; fileRef = CAA72EB528365D44000D3DE6 /* MapView.swift */; };
		CAA72EB928365DA2000D3DE6 /* CustomMapPin.swift in Sources */ = {isa = PBXBuildFile; fileRef = CAA72EB828365DA2000D3DE6 /* CustomMapPin.swift */; };
		CAA72EBC28366373000D3DE6 /* TripDetails.swift in Sources */ = {isa = PBXBuildFile; fileRef = CAA72EBB28366373000D3DE6 /* TripDetails.swift */; };
		CAA72EBF283663CB000D3DE6 /* RoundedButtonModifier.swift in Sources */ = {isa = PBXBuildFile; fileRef = CAA72EBE283663CB000D3DE6 /* RoundedButtonModifier.swift */; };
		CAA72EC228366498000D3DE6 /* DirectionsStepsView.swift in Sources */ = {isa = PBXBuildFile; fileRef = CAA72EC128366498000D3DE6 /* DirectionsStepsView.swift */; };
		CAA72EC52836651D000D3DE6 /* BlinkViewModifier.swift in Sources */ = {isa = PBXBuildFile; fileRef = CAA72EC42836651D000D3DE6 /* BlinkViewModifier.swift */; };
		CAA72EC82836671F000D3DE6 /* TripStatisticsLabel.swift in Sources */ = {isa = PBXBuildFile; fileRef = CAA72EC72836671F000D3DE6 /* TripStatisticsLabel.swift */; };
		CAA72ECB28366759000D3DE6 /* LocationMarker.swift in Sources */ = {isa = PBXBuildFile; fileRef = CAA72ECA28366759000D3DE6 /* LocationMarker.swift */; };
		CAA72ECF28366823000D3DE6 /* AVSpeechSynthesizer.swift in Sources */ = {isa = PBXBuildFile; fileRef = CAA72ECE28366823000D3DE6 /* AVSpeechSynthesizer.swift */; };
		CAA72ED228366850000D3DE6 /* MKRoute.Step+Extension.swift in Sources */ = {isa = PBXBuildFile; fileRef = CAA72ED128366850000D3DE6 /* MKRoute.Step+Extension.swift */; };
		CAA72ED528366888000D3DE6 /* MKRoute+Extension.swift in Sources */ = {isa = PBXBuildFile; fileRef = CAA72ED428366888000D3DE6 /* MKRoute+Extension.swift */; };
		CAA72ED828366E8D000D3DE6 /* Voice.swift in Sources */ = {isa = PBXBuildFile; fileRef = CAA72ED728366E8D000D3DE6 /* Voice.swift */; };
		CAA72EDC28367D81000D3DE6 /* MKMapView+Extension.swift in Sources */ = {isa = PBXBuildFile; fileRef = CAA72EDB28367D81000D3DE6 /* MKMapView+Extension.swift */; };
		CAD1503528350C60005E265D /* TurnToTurnApp.swift in Sources */ = {isa = PBXBuildFile; fileRef = CAD1503428350C60005E265D /* TurnToTurnApp.swift */; };
		CAD1503728350C60005E265D /* ContentView.swift in Sources */ = {isa = PBXBuildFile; fileRef = CAD1503628350C60005E265D /* ContentView.swift */; };
		CAD1503928350C62005E265D /* Assets.xcassets in Resources */ = {isa = PBXBuildFile; fileRef = CAD1503828350C62005E265D /* Assets.xcassets */; };
		CAD1503C28350C62005E265D /* Preview Assets.xcassets in Resources */ = {isa = PBXBuildFile; fileRef = CAD1503B28350C62005E265D /* Preview Assets.xcassets */; };
		CAD1505728350D67005E265D /* Font+Extension.swift in Sources */ = {isa = PBXBuildFile; fileRef = CAD1504E28350D67005E265D /* Font+Extension.swift */; };
		CAD1505828350D67005E265D /* MKCoordinateRegion.swift in Sources */ = {isa = PBXBuildFile; fileRef = CAD1504F28350D67005E265D /* MKCoordinateRegion.swift */; };
		CAD1505928350D67005E265D /* Color+Extension.swift in Sources */ = {isa = PBXBuildFile; fileRef = CAD1505028350D67005E265D /* Color+Extension.swift */; };
		CAD1505A28350D67005E265D /* FileManager+Extension.swift in Sources */ = {isa = PBXBuildFile; fileRef = CAD1505128350D67005E265D /* FileManager+Extension.swift */; };
		CAD1505B28350D67005E265D /* Double+Extension.swift in Sources */ = {isa = PBXBuildFile; fileRef = CAD1505228350D67005E265D /* Double+Extension.swift */; };
		CAD1505C28350D67005E265D /* Date+Extension.swift in Sources */ = {isa = PBXBuildFile; fileRef = CAD1505328350D67005E265D /* Date+Extension.swift */; };
		CAD1505D28350D67005E265D /* LinearGradient+Extension.swift in Sources */ = {isa = PBXBuildFile; fileRef = CAD1505428350D67005E265D /* LinearGradient+Extension.swift */; };
		CAD1505E28350D67005E265D /* CLPlacemark+Extension.swift in Sources */ = {isa = PBXBuildFile; fileRef = CAD1505528350D67005E265D /* CLPlacemark+Extension.swift */; };
		CAD1505F28350D67005E265D /* Int+Extension.swift in Sources */ = {isa = PBXBuildFile; fileRef = CAD1505628350D67005E265D /* Int+Extension.swift */; };
		CAD1506328350D90005E265D /* LandingScreen.swift in Sources */ = {isa = PBXBuildFile; fileRef = CAD1506228350D90005E265D /* LandingScreen.swift */; };
		CAD1506628350DB0005E265D /* AnimatedText.swift in Sources */ = {isa = PBXBuildFile; fileRef = CAD1506528350DB0005E265D /* AnimatedText.swift */; };
		CAD1506A28350DF8005E265D /* HomeScreen.swift in Sources */ = {isa = PBXBuildFile; fileRef = CAD1506928350DF8005E265D /* HomeScreen.swift */; };
		CAD1506E28350E29005E265D /* MapManager.swift in Sources */ = {isa = PBXBuildFile; fileRef = CAD1506D28350E29005E265D /* MapManager.swift */; };
		CAD1507128350EB7005E265D /* TabbarItem.swift in Sources */ = {isa = PBXBuildFile; fileRef = CAD1507028350EB7005E265D /* TabbarItem.swift */; };
		CAD1507528350F3B005E265D /* AppTabbarView.swift in Sources */ = {isa = PBXBuildFile; fileRef = CAD1507328350F3B005E265D /* AppTabbarView.swift */; };
		CAD1507628350F3B005E265D /* TabbarButton.swift in Sources */ = {isa = PBXBuildFile; fileRef = CAD1507428350F3B005E265D /* TabbarButton.swift */; };
		CAD1507D28350F61005E265D /* TabbarBGShape.swift in Sources */ = {isa = PBXBuildFile; fileRef = CAD1507828350F61005E265D /* TabbarBGShape.swift */; };
		CAD1507E28350F61005E265D /* Ellipes.swift in Sources */ = {isa = PBXBuildFile; fileRef = CAD1507928350F61005E265D /* Ellipes.swift */; };
		CAD1507F28350F61005E265D /* CustomRoundedShape.swift in Sources */ = {isa = PBXBuildFile; fileRef = CAD1507A28350F61005E265D /* CustomRoundedShape.swift */; };
		CAD1508028350F61005E265D /* TabbarShape.swift in Sources */ = {isa = PBXBuildFile; fileRef = CAD1507B28350F61005E265D /* TabbarShape.swift */; };
		CAD1508128350F61005E265D /* NavigationButtonShape.swift in Sources */ = {isa = PBXBuildFile; fileRef = CAD1507C28350F61005E265D /* NavigationButtonShape.swift */; };
		CAD1508428350FA8005E265D /* NavigationButtonDirection.swift in Sources */ = {isa = PBXBuildFile; fileRef = CAD1508328350FA8005E265D /* NavigationButtonDirection.swift */; };
		CAD1508728351081005E265D /* BackgroundView.swift in Sources */ = {isa = PBXBuildFile; fileRef = CAD1508628351081005E265D /* BackgroundView.swift */; };
		CAD1508B283512AD005E265D /* MainTabView.swift in Sources */ = {isa = PBXBuildFile; fileRef = CAD1508A283512AD005E265D /* MainTabView.swift */; };
		CAD150902835131B005E265D /* StatictisScreen.swift in Sources */ = {isa = PBXBuildFile; fileRef = CAD1508F2835131B005E265D /* StatictisScreen.swift */; };
		CAD150952835134E005E265D /* LocationsScreen.swift in Sources */ = {isa = PBXBuildFile; fileRef = CAD150942835134E005E265D /* LocationsScreen.swift */; };
		CAD1509A28351379005E265D /* ProfileScreen.swift in Sources */ = {isa = PBXBuildFile; fileRef = CAD1509928351379005E265D /* ProfileScreen.swift */; };
		CAD150A5283514B4005E265D /* FontsFree-Net-SFProText-Light-1.ttf in Resources */ = {isa = PBXBuildFile; fileRef = CAD1509F283514B4005E265D /* FontsFree-Net-SFProText-Light-1.ttf */; };
		CAD150A6283514B4005E265D /* FontsFree-Net-SFProText-Medium-1.ttf in Resources */ = {isa = PBXBuildFile; fileRef = CAD150A0283514B4005E265D /* FontsFree-Net-SFProText-Medium-1.ttf */; };
		CAD150A7283514B4005E265D /* FontsFree-Net-SFProText-Regular.ttf in Resources */ = {isa = PBXBuildFile; fileRef = CAD150A1283514B4005E265D /* FontsFree-Net-SFProText-Regular.ttf */; };
		CAD150A8283514B4005E265D /* FontsFree-Net-SFProText-Bold-1.ttf in Resources */ = {isa = PBXBuildFile; fileRef = CAD150A2283514B4005E265D /* FontsFree-Net-SFProText-Bold-1.ttf */; };
		CAD150A9283514B4005E265D /* FontsFree-Net-SFProText-Heavy-1.ttf in Resources */ = {isa = PBXBuildFile; fileRef = CAD150A3283514B4005E265D /* FontsFree-Net-SFProText-Heavy-1.ttf */; };
		CAD150AA283514B4005E265D /* FontsFree-Net-SFProText-Semibold-1.ttf in Resources */ = {isa = PBXBuildFile; fileRef = CAD150A4283514B4005E265D /* FontsFree-Net-SFProText-Semibold-1.ttf */; };
		CAD150AE283514CC005E265D /* Constants.swift in Sources */ = {isa = PBXBuildFile; fileRef = CAD150AC283514CB005E265D /* Constants.swift */; };
		CAD150AF283514CC005E265D /* LaunchScreen.storyboard in Resources */ = {isa = PBXBuildFile; fileRef = CAD150AD283514CB005E265D /* LaunchScreen.storyboard */; };
		CAD150B5283518C6005E265D /* HomeViewModel.swift in Sources */ = {isa = PBXBuildFile; fileRef = CAD150B4283518C6005E265D /* HomeViewModel.swift */; };
		CAD150BD28351C58005E265D /* SelectLocationScreen.swift in Sources */ = {isa = PBXBuildFile; fileRef = CAD150BC28351C58005E265D /* SelectLocationScreen.swift */; };
		CAD150C228351C79005E265D /* TurnToTurnScreen.swift in Sources */ = {isa = PBXBuildFile; fileRef = CAD150C128351C79005E265D /* TurnToTurnScreen.swift */; };
		CAD150C628351D1C005E265D /* UserImageView.swift in Sources */ = {isa = PBXBuildFile; fileRef = CAD150C528351D1C005E265D /* UserImageView.swift */; };
		CAD150C928351D34005E265D /* LocationIcon.swift in Sources */ = {isa = PBXBuildFile; fileRef = CAD150C828351D34005E265D /* LocationIcon.swift */; };
		CAD150CC28351D93005E265D /* ThickLabelModifire.swift in Sources */ = {isa = PBXBuildFile; fileRef = CAD150CB28351D93005E265D /* ThickLabelModifire.swift */; };
		CAD150D028351DCF005E265D /* GradientWithIconButtonModifire.swift in Sources */ = {isa = PBXBuildFile; fileRef = CAD150CE28351DCF005E265D /* GradientWithIconButtonModifire.swift */; };
		CAD150D128351DCF005E265D /* StrokeWithIconButtonModifire.swift in Sources */ = {isa = PBXBuildFile; fileRef = CAD150CF28351DCF005E265D /* StrokeWithIconButtonModifire.swift */; };
		CAD150D428351E75005E265D /* LocationHugeIcon.swift in Sources */ = {isa = PBXBuildFile; fileRef = CAD150D328351E75005E265D /* LocationHugeIcon.swift */; };
		CAD150D728351E82005E265D /* ErrorView.swift in Sources */ = {isa = PBXBuildFile; fileRef = CAD150D628351E82005E265D /* ErrorView.swift */; };
		CAD150DA28351ECB005E265D /* BlurView.swift in Sources */ = {isa = PBXBuildFile; fileRef = CAD150D928351ECB005E265D /* BlurView.swift */; };
		CAD150DD28351F66005E265D /* DestinationIcon.swift in Sources */ = {isa = PBXBuildFile; fileRef = CAD150DC28351F66005E265D /* DestinationIcon.swift */; };
		CAD150E028351FFC005E265D /* Location.swift in Sources */ = {isa = PBXBuildFile; fileRef = CAD150DF28351FFC005E265D /* Location.swift */; };
		CAD150E32835281B005E265D /* AddNewLocationView.swift in Sources */ = {isa = PBXBuildFile; fileRef = CAD150E22835281B005E265D /* AddNewLocationView.swift */; };
		CAD150E6283528CF005E265D /* LoadingView.swift in Sources */ = {isa = PBXBuildFile; fileRef = CAD150E5283528CF005E265D /* LoadingView.swift */; };
		CAD150EB28352918005E265D /* MapCenterIndicator.swift in Sources */ = {isa = PBXBuildFile; fileRef = CAD150EA28352918005E265D /* MapCenterIndicator.swift */; };
		CAD150EF28352C0F005E265D /* MapRelatedService.swift in Sources */ = {isa = PBXBuildFile; fileRef = CAD150EE28352C0F005E265D /* MapRelatedService.swift */; };
		CAD150F228352C46005E265D /* MapManagerError.swift in Sources */ = {isa = PBXBuildFile; fileRef = CAD150F128352C46005E265D /* MapManagerError.swift */; };
/* End PBXBuildFile section */

/* Begin PBXFileReference section */
		CA6F3A52283A1B9300202589 /* MapStep.swift */ = {isa = PBXFileReference; lastKnownFileType = sourcecode.swift; path = MapStep.swift; sourceTree = "<group>"; };
		CA6F3A55283A1C9B00202589 /* CLLocationCoordinate2D+Extension.swift */ = {isa = PBXFileReference; lastKnownFileType = sourcecode.swift; path = "CLLocationCoordinate2D+Extension.swift"; sourceTree = "<group>"; };
		CA6F3A59283A21F400202589 /* StepsListView.swift */ = {isa = PBXFileReference; fileEncoding = 4; lastKnownFileType = sourcecode.swift; path = StepsListView.swift; sourceTree = "<group>"; };
		CA6F3AB9283B9AAE00202589 /* AddressAutoCompleterView.swift */ = {isa = PBXFileReference; lastKnownFileType = sourcecode.swift; path = AddressAutoCompleterView.swift; sourceTree = "<group>"; };
		CA6F3ABE283B9CDE00202589 /* AddressCompleter.swift */ = {isa = PBXFileReference; lastKnownFileType = sourcecode.swift; path = AddressCompleter.swift; sourceTree = "<group>"; };
		CA6F3AC3283BB0A600202589 /* View+Extension.swift */ = {isa = PBXFileReference; lastKnownFileType = sourcecode.swift; path = "View+Extension.swift"; sourceTree = "<group>"; };
		CA6F3AC9283BC02D00202589 /* TurnToTurnDataModel.xcdatamodel */ = {isa = PBXFileReference; lastKnownFileType = wrapper.xcdatamodel; path = TurnToTurnDataModel.xcdatamodel; sourceTree = "<group>"; };
		CA6F3ACC283BC11600202589 /* CoreDataManager.swift */ = {isa = PBXFileReference; lastKnownFileType = sourcecode.swift; path = CoreDataManager.swift; sourceTree = "<group>"; };
		CAA72E8C28361E6E000D3DE6 /* SessionManager.swift */ = {isa = PBXFileReference; lastKnownFileType = sourcecode.swift; path = SessionManager.swift; sourceTree = "<group>"; };
		CAA72E9028363E45000D3DE6 /* GraphColumnsChartView.swift */ = {isa = PBXFileReference; fileEncoding = 4; lastKnownFileType = sourcecode.swift; path = GraphColumnsChartView.swift; sourceTree = "<group>"; };
		CAA72E9228363E45000D3DE6 /* GraphColumnsChartItem.swift */ = {isa = PBXFileReference; fileEncoding = 4; lastKnownFileType = sourcecode.swift; path = GraphColumnsChartItem.swift; sourceTree = "<group>"; };
		CAA72E9428363E45000D3DE6 /* CGFloat+Extension.swift */ = {isa = PBXFileReference; fileEncoding = 4; lastKnownFileType = sourcecode.swift; path = "CGFloat+Extension.swift"; sourceTree = "<group>"; };
		CAA72E9628363E45000D3DE6 /* GraphColumnView.swift */ = {isa = PBXFileReference; fileEncoding = 4; lastKnownFileType = sourcecode.swift; path = GraphColumnView.swift; sourceTree = "<group>"; };
		CAA72E9C28363E67000D3DE6 /* DailyCrossedDistance.swift */ = {isa = PBXFileReference; fileEncoding = 4; lastKnownFileType = sourcecode.swift; path = DailyCrossedDistance.swift; sourceTree = "<group>"; };
		CAA72E9F28363EB4000D3DE6 /* DropDownDateView.swift */ = {isa = PBXFileReference; fileEncoding = 4; lastKnownFileType = sourcecode.swift; path = DropDownDateView.swift; sourceTree = "<group>"; };
		CAA72EA328363F14000D3DE6 /* NavigationButtonModifire.swift */ = {isa = PBXFileReference; fileEncoding = 4; lastKnownFileType = sourcecode.swift; path = NavigationButtonModifire.swift; sourceTree = "<group>"; };
		CAA72EA628363F67000D3DE6 /* GreedyViewModifire.swift */ = {isa = PBXFileReference; fileEncoding = 4; lastKnownFileType = sourcecode.swift; path = GreedyViewModifire.swift; sourceTree = "<group>"; };
		CAA72EAA28363FB5000D3DE6 /* DropdownList.swift */ = {isa = PBXFileReference; fileEncoding = 4; lastKnownFileType = sourcecode.swift; path = DropdownList.swift; sourceTree = "<group>"; };
		CAA72EAD28363FF8000D3DE6 /* BottomSheetNotificationView.swift */ = {isa = PBXFileReference; fileEncoding = 4; lastKnownFileType = sourcecode.swift; path = BottomSheetNotificationView.swift; sourceTree = "<group>"; };
		CAA72EB528365D44000D3DE6 /* MapView.swift */ = {isa = PBXFileReference; fileEncoding = 4; lastKnownFileType = sourcecode.swift; path = MapView.swift; sourceTree = "<group>"; };
		CAA72EB828365DA2000D3DE6 /* CustomMapPin.swift */ = {isa = PBXFileReference; fileEncoding = 4; lastKnownFileType = sourcecode.swift; path = CustomMapPin.swift; sourceTree = "<group>"; };
		CAA72EBB28366373000D3DE6 /* TripDetails.swift */ = {isa = PBXFileReference; lastKnownFileType = sourcecode.swift; path = TripDetails.swift; sourceTree = "<group>"; };
		CAA72EBE283663CB000D3DE6 /* RoundedButtonModifier.swift */ = {isa = PBXFileReference; fileEncoding = 4; lastKnownFileType = sourcecode.swift; path = RoundedButtonModifier.swift; sourceTree = "<group>"; };
		CAA72EC128366498000D3DE6 /* DirectionsStepsView.swift */ = {isa = PBXFileReference; fileEncoding = 4; lastKnownFileType = sourcecode.swift; path = DirectionsStepsView.swift; sourceTree = "<group>"; };
		CAA72EC42836651D000D3DE6 /* BlinkViewModifier.swift */ = {isa = PBXFileReference; fileEncoding = 4; lastKnownFileType = sourcecode.swift; path = BlinkViewModifier.swift; sourceTree = "<group>"; };
		CAA72EC72836671F000D3DE6 /* TripStatisticsLabel.swift */ = {isa = PBXFileReference; fileEncoding = 4; lastKnownFileType = sourcecode.swift; path = TripStatisticsLabel.swift; sourceTree = "<group>"; };
		CAA72ECA28366759000D3DE6 /* LocationMarker.swift */ = {isa = PBXFileReference; fileEncoding = 4; lastKnownFileType = sourcecode.swift; path = LocationMarker.swift; sourceTree = "<group>"; };
		CAA72ECE28366823000D3DE6 /* AVSpeechSynthesizer.swift */ = {isa = PBXFileReference; lastKnownFileType = sourcecode.swift; path = AVSpeechSynthesizer.swift; sourceTree = "<group>"; };
		CAA72ED128366850000D3DE6 /* MKRoute.Step+Extension.swift */ = {isa = PBXFileReference; lastKnownFileType = sourcecode.swift; path = "MKRoute.Step+Extension.swift"; sourceTree = "<group>"; };
		CAA72ED428366888000D3DE6 /* MKRoute+Extension.swift */ = {isa = PBXFileReference; lastKnownFileType = sourcecode.swift; path = "MKRoute+Extension.swift"; sourceTree = "<group>"; };
		CAA72ED728366E8D000D3DE6 /* Voice.swift */ = {isa = PBXFileReference; lastKnownFileType = sourcecode.swift; path = Voice.swift; sourceTree = "<group>"; };
		CAA72EDB28367D81000D3DE6 /* MKMapView+Extension.swift */ = {isa = PBXFileReference; lastKnownFileType = sourcecode.swift; path = "MKMapView+Extension.swift"; sourceTree = "<group>"; };
		CAD1503128350C60005E265D /* TurnToTurn.app */ = {isa = PBXFileReference; explicitFileType = wrapper.application; includeInIndex = 0; path = TurnToTurn.app; sourceTree = BUILT_PRODUCTS_DIR; };
		CAD1503428350C60005E265D /* TurnToTurnApp.swift */ = {isa = PBXFileReference; lastKnownFileType = sourcecode.swift; path = TurnToTurnApp.swift; sourceTree = "<group>"; };
		CAD1503628350C60005E265D /* ContentView.swift */ = {isa = PBXFileReference; lastKnownFileType = sourcecode.swift; path = ContentView.swift; sourceTree = "<group>"; };
		CAD1503828350C62005E265D /* Assets.xcassets */ = {isa = PBXFileReference; lastKnownFileType = folder.assetcatalog; path = Assets.xcassets; sourceTree = "<group>"; };
		CAD1503B28350C62005E265D /* Preview Assets.xcassets */ = {isa = PBXFileReference; lastKnownFileType = folder.assetcatalog; path = "Preview Assets.xcassets"; sourceTree = "<group>"; };
		CAD1503D28350C62005E265D /* Info.plist */ = {isa = PBXFileReference; lastKnownFileType = text.plist.xml; path = Info.plist; sourceTree = "<group>"; };
		CAD1504E28350D67005E265D /* Font+Extension.swift */ = {isa = PBXFileReference; fileEncoding = 4; lastKnownFileType = sourcecode.swift; path = "Font+Extension.swift"; sourceTree = "<group>"; };
		CAD1504F28350D67005E265D /* MKCoordinateRegion.swift */ = {isa = PBXFileReference; fileEncoding = 4; lastKnownFileType = sourcecode.swift; path = MKCoordinateRegion.swift; sourceTree = "<group>"; };
		CAD1505028350D67005E265D /* Color+Extension.swift */ = {isa = PBXFileReference; fileEncoding = 4; lastKnownFileType = sourcecode.swift; path = "Color+Extension.swift"; sourceTree = "<group>"; };
		CAD1505128350D67005E265D /* FileManager+Extension.swift */ = {isa = PBXFileReference; fileEncoding = 4; lastKnownFileType = sourcecode.swift; path = "FileManager+Extension.swift"; sourceTree = "<group>"; };
		CAD1505228350D67005E265D /* Double+Extension.swift */ = {isa = PBXFileReference; fileEncoding = 4; lastKnownFileType = sourcecode.swift; path = "Double+Extension.swift"; sourceTree = "<group>"; };
		CAD1505328350D67005E265D /* Date+Extension.swift */ = {isa = PBXFileReference; fileEncoding = 4; lastKnownFileType = sourcecode.swift; path = "Date+Extension.swift"; sourceTree = "<group>"; };
		CAD1505428350D67005E265D /* LinearGradient+Extension.swift */ = {isa = PBXFileReference; fileEncoding = 4; lastKnownFileType = sourcecode.swift; path = "LinearGradient+Extension.swift"; sourceTree = "<group>"; };
		CAD1505528350D67005E265D /* CLPlacemark+Extension.swift */ = {isa = PBXFileReference; fileEncoding = 4; lastKnownFileType = sourcecode.swift; path = "CLPlacemark+Extension.swift"; sourceTree = "<group>"; };
		CAD1505628350D67005E265D /* Int+Extension.swift */ = {isa = PBXFileReference; fileEncoding = 4; lastKnownFileType = sourcecode.swift; path = "Int+Extension.swift"; sourceTree = "<group>"; };
		CAD1506228350D90005E265D /* LandingScreen.swift */ = {isa = PBXFileReference; fileEncoding = 4; lastKnownFileType = sourcecode.swift; path = LandingScreen.swift; sourceTree = "<group>"; };
		CAD1506528350DB0005E265D /* AnimatedText.swift */ = {isa = PBXFileReference; lastKnownFileType = sourcecode.swift; path = AnimatedText.swift; sourceTree = "<group>"; };
		CAD1506928350DF8005E265D /* HomeScreen.swift */ = {isa = PBXFileReference; lastKnownFileType = sourcecode.swift; path = HomeScreen.swift; sourceTree = "<group>"; };
		CAD1506D28350E29005E265D /* MapManager.swift */ = {isa = PBXFileReference; lastKnownFileType = sourcecode.swift; path = MapManager.swift; sourceTree = "<group>"; };
		CAD1507028350EB7005E265D /* TabbarItem.swift */ = {isa = PBXFileReference; fileEncoding = 4; lastKnownFileType = sourcecode.swift; path = TabbarItem.swift; sourceTree = "<group>"; };
		CAD1507328350F3B005E265D /* AppTabbarView.swift */ = {isa = PBXFileReference; fileEncoding = 4; lastKnownFileType = sourcecode.swift; path = AppTabbarView.swift; sourceTree = "<group>"; };
		CAD1507428350F3B005E265D /* TabbarButton.swift */ = {isa = PBXFileReference; fileEncoding = 4; lastKnownFileType = sourcecode.swift; path = TabbarButton.swift; sourceTree = "<group>"; };
		CAD1507828350F61005E265D /* TabbarBGShape.swift */ = {isa = PBXFileReference; fileEncoding = 4; lastKnownFileType = sourcecode.swift; path = TabbarBGShape.swift; sourceTree = "<group>"; };
		CAD1507928350F61005E265D /* Ellipes.swift */ = {isa = PBXFileReference; fileEncoding = 4; lastKnownFileType = sourcecode.swift; path = Ellipes.swift; sourceTree = "<group>"; };
		CAD1507A28350F61005E265D /* CustomRoundedShape.swift */ = {isa = PBXFileReference; fileEncoding = 4; lastKnownFileType = sourcecode.swift; path = CustomRoundedShape.swift; sourceTree = "<group>"; };
		CAD1507B28350F61005E265D /* TabbarShape.swift */ = {isa = PBXFileReference; fileEncoding = 4; lastKnownFileType = sourcecode.swift; path = TabbarShape.swift; sourceTree = "<group>"; };
		CAD1507C28350F61005E265D /* NavigationButtonShape.swift */ = {isa = PBXFileReference; fileEncoding = 4; lastKnownFileType = sourcecode.swift; path = NavigationButtonShape.swift; sourceTree = "<group>"; };
		CAD1508328350FA8005E265D /* NavigationButtonDirection.swift */ = {isa = PBXFileReference; fileEncoding = 4; lastKnownFileType = sourcecode.swift; path = NavigationButtonDirection.swift; sourceTree = "<group>"; };
		CAD1508628351081005E265D /* BackgroundView.swift */ = {isa = PBXFileReference; lastKnownFileType = sourcecode.swift; path = BackgroundView.swift; sourceTree = "<group>"; };
		CAD1508A283512AD005E265D /* MainTabView.swift */ = {isa = PBXFileReference; lastKnownFileType = sourcecode.swift; path = MainTabView.swift; sourceTree = "<group>"; };
		CAD1508F2835131B005E265D /* StatictisScreen.swift */ = {isa = PBXFileReference; lastKnownFileType = sourcecode.swift; path = StatictisScreen.swift; sourceTree = "<group>"; };
		CAD150942835134E005E265D /* LocationsScreen.swift */ = {isa = PBXFileReference; lastKnownFileType = sourcecode.swift; path = LocationsScreen.swift; sourceTree = "<group>"; };
		CAD1509928351379005E265D /* ProfileScreen.swift */ = {isa = PBXFileReference; lastKnownFileType = sourcecode.swift; path = ProfileScreen.swift; sourceTree = "<group>"; };
		CAD1509F283514B4005E265D /* FontsFree-Net-SFProText-Light-1.ttf */ = {isa = PBXFileReference; lastKnownFileType = file; path = "FontsFree-Net-SFProText-Light-1.ttf"; sourceTree = "<group>"; };
		CAD150A0283514B4005E265D /* FontsFree-Net-SFProText-Medium-1.ttf */ = {isa = PBXFileReference; lastKnownFileType = file; path = "FontsFree-Net-SFProText-Medium-1.ttf"; sourceTree = "<group>"; };
		CAD150A1283514B4005E265D /* FontsFree-Net-SFProText-Regular.ttf */ = {isa = PBXFileReference; lastKnownFileType = file; path = "FontsFree-Net-SFProText-Regular.ttf"; sourceTree = "<group>"; };
		CAD150A2283514B4005E265D /* FontsFree-Net-SFProText-Bold-1.ttf */ = {isa = PBXFileReference; lastKnownFileType = file; path = "FontsFree-Net-SFProText-Bold-1.ttf"; sourceTree = "<group>"; };
		CAD150A3283514B4005E265D /* FontsFree-Net-SFProText-Heavy-1.ttf */ = {isa = PBXFileReference; lastKnownFileType = file; path = "FontsFree-Net-SFProText-Heavy-1.ttf"; sourceTree = "<group>"; };
		CAD150A4283514B4005E265D /* FontsFree-Net-SFProText-Semibold-1.ttf */ = {isa = PBXFileReference; lastKnownFileType = file; path = "FontsFree-Net-SFProText-Semibold-1.ttf"; sourceTree = "<group>"; };
		CAD150AC283514CB005E265D /* Constants.swift */ = {isa = PBXFileReference; fileEncoding = 4; lastKnownFileType = sourcecode.swift; path = Constants.swift; sourceTree = "<group>"; };
		CAD150AD283514CB005E265D /* LaunchScreen.storyboard */ = {isa = PBXFileReference; fileEncoding = 4; lastKnownFileType = file.storyboard; path = LaunchScreen.storyboard; sourceTree = "<group>"; };
		CAD150B4283518C6005E265D /* HomeViewModel.swift */ = {isa = PBXFileReference; lastKnownFileType = sourcecode.swift; path = HomeViewModel.swift; sourceTree = "<group>"; };
		CAD150BC28351C58005E265D /* SelectLocationScreen.swift */ = {isa = PBXFileReference; lastKnownFileType = sourcecode.swift; path = SelectLocationScreen.swift; sourceTree = "<group>"; };
		CAD150C128351C79005E265D /* TurnToTurnScreen.swift */ = {isa = PBXFileReference; lastKnownFileType = sourcecode.swift; path = TurnToTurnScreen.swift; sourceTree = "<group>"; };
		CAD150C528351D1C005E265D /* UserImageView.swift */ = {isa = PBXFileReference; fileEncoding = 4; lastKnownFileType = sourcecode.swift; path = UserImageView.swift; sourceTree = "<group>"; };
		CAD150C828351D34005E265D /* LocationIcon.swift */ = {isa = PBXFileReference; fileEncoding = 4; lastKnownFileType = sourcecode.swift; path = LocationIcon.swift; sourceTree = "<group>"; };
		CAD150CB28351D93005E265D /* ThickLabelModifire.swift */ = {isa = PBXFileReference; fileEncoding = 4; lastKnownFileType = sourcecode.swift; path = ThickLabelModifire.swift; sourceTree = "<group>"; };
		CAD150CE28351DCF005E265D /* GradientWithIconButtonModifire.swift */ = {isa = PBXFileReference; fileEncoding = 4; lastKnownFileType = sourcecode.swift; path = GradientWithIconButtonModifire.swift; sourceTree = "<group>"; };
		CAD150CF28351DCF005E265D /* StrokeWithIconButtonModifire.swift */ = {isa = PBXFileReference; fileEncoding = 4; lastKnownFileType = sourcecode.swift; path = StrokeWithIconButtonModifire.swift; sourceTree = "<group>"; };
		CAD150D328351E75005E265D /* LocationHugeIcon.swift */ = {isa = PBXFileReference; fileEncoding = 4; lastKnownFileType = sourcecode.swift; path = LocationHugeIcon.swift; sourceTree = "<group>"; };
		CAD150D628351E82005E265D /* ErrorView.swift */ = {isa = PBXFileReference; fileEncoding = 4; lastKnownFileType = sourcecode.swift; path = ErrorView.swift; sourceTree = "<group>"; };
		CAD150D928351ECB005E265D /* BlurView.swift */ = {isa = PBXFileReference; fileEncoding = 4; lastKnownFileType = sourcecode.swift; path = BlurView.swift; sourceTree = "<group>"; };
		CAD150DC28351F66005E265D /* DestinationIcon.swift */ = {isa = PBXFileReference; fileEncoding = 4; lastKnownFileType = sourcecode.swift; path = DestinationIcon.swift; sourceTree = "<group>"; };
		CAD150DF28351FFC005E265D /* Location.swift */ = {isa = PBXFileReference; fileEncoding = 4; lastKnownFileType = sourcecode.swift; path = Location.swift; sourceTree = "<group>"; };
		CAD150E22835281B005E265D /* AddNewLocationView.swift */ = {isa = PBXFileReference; fileEncoding = 4; lastKnownFileType = sourcecode.swift; path = AddNewLocationView.swift; sourceTree = "<group>"; };
		CAD150E5283528CF005E265D /* LoadingView.swift */ = {isa = PBXFileReference; fileEncoding = 4; lastKnownFileType = sourcecode.swift; path = LoadingView.swift; sourceTree = "<group>"; };
		CAD150EA28352918005E265D /* MapCenterIndicator.swift */ = {isa = PBXFileReference; lastKnownFileType = sourcecode.swift; path = MapCenterIndicator.swift; sourceTree = "<group>"; };
		CAD150EE28352C0F005E265D /* MapRelatedService.swift */ = {isa = PBXFileReference; lastKnownFileType = sourcecode.swift; path = MapRelatedService.swift; sourceTree = "<group>"; };
		CAD150F128352C46005E265D /* MapManagerError.swift */ = {isa = PBXFileReference; lastKnownFileType = sourcecode.swift; path = MapManagerError.swift; sourceTree = "<group>"; };
/* End PBXFileReference section */

/* Begin PBXFrameworksBuildPhase section */
		CAD1502E28350C60005E265D /* Frameworks */ = {
			isa = PBXFrameworksBuildPhase;
			buildActionMask = 2147483647;
			files = (
			);
			runOnlyForDeploymentPostprocessing = 0;
		};
/* End PBXFrameworksBuildPhase section */

/* Begin PBXGroup section */
		CA6F3ABC283B9CB800202589 /* AddressAutoCompleter */ = {
			isa = PBXGroup;
			children = (
				CA6F3AB9283B9AAE00202589 /* AddressAutoCompleterView.swift */,
				CA6F3ABE283B9CDE00202589 /* AddressCompleter.swift */,
			);
			path = AddressAutoCompleter;
			sourceTree = "<group>";
		};
		CA6F3AC7283BC00600202589 /* CoreData */ = {
			isa = PBXGroup;
			children = (
				CA6F3AC8283BC02D00202589 /* TurnToTurnDataModel.xcdatamodeld */,
				CA6F3ACC283BC11600202589 /* CoreDataManager.swift */,
			);
			path = CoreData;
			sourceTree = "<group>";
		};
		CAA72E8F28363E45000D3DE6 /* ColumnChart */ = {
			isa = PBXGroup;
			children = (
				CAA72E9328363E45000D3DE6 /* Extensions */,
				CAA72E9128363E45000D3DE6 /* Models */,
				CAA72E9528363E45000D3DE6 /* Views */,
				CAA72E9028363E45000D3DE6 /* GraphColumnsChartView.swift */,
			);
			path = ColumnChart;
			sourceTree = "<group>";
		};
		CAA72E9128363E45000D3DE6 /* Models */ = {
			isa = PBXGroup;
			children = (
				CAA72E9228363E45000D3DE6 /* GraphColumnsChartItem.swift */,
			);
			path = Models;
			sourceTree = "<group>";
		};
		CAA72E9328363E45000D3DE6 /* Extensions */ = {
			isa = PBXGroup;
			children = (
				CAA72E9428363E45000D3DE6 /* CGFloat+Extension.swift */,
			);
			path = Extensions;
			sourceTree = "<group>";
		};
		CAA72E9528363E45000D3DE6 /* Views */ = {
			isa = PBXGroup;
			children = (
				CAA72E9628363E45000D3DE6 /* GraphColumnView.swift */,
			);
			path = Views;
			sourceTree = "<group>";
		};
		CAA72EA928363F9C000D3DE6 /* DropdownDateView */ = {
			isa = PBXGroup;
			children = (
				CAA72EAA28363FB5000D3DE6 /* DropdownList.swift */,
				CAA72E9F28363EB4000D3DE6 /* DropDownDateView.swift */,
			);
			path = DropdownDateView;
			sourceTree = "<group>";
		};
		CAD1502828350C60005E265D = {
			isa = PBXGroup;
			children = (
				CAD1503328350C60005E265D /* TurnToTurn */,
				CAD1503228350C60005E265D /* Products */,
			);
			sourceTree = "<group>";
		};
		CAD1503228350C60005E265D /* Products */ = {
			isa = PBXGroup;
			children = (
				CAD1503128350C60005E265D /* TurnToTurn.app */,
			);
			name = Products;
			sourceTree = "<group>";
		};
		CAD1503328350C60005E265D /* TurnToTurn */ = {
			isa = PBXGroup;
			children = (
				CAD1504C28350CD5005E265D /* Resourse */,
				CA6F3AC7283BC00600202589 /* CoreData */,
				CAD1504B28350CCD005E265D /* Extensions */,
				CAD1504A28350CC5005E265D /* Modifires */,
				CAD1504928350CBC005E265D /* Services */,
				CAD1504728350CA4005E265D /* Maps */,
				CAD1504828350CB2005E265D /* Models */,
				CAD1504628350C9E005E265D /* Shapes */,
				CAD1504528350C98005E265D /* Views */,
				CAD1504428350C92005E265D /* Screens */,
				CAD1503D28350C62005E265D /* Info.plist */,
				CAD1503A28350C62005E265D /* Preview Content */,
			);
			path = TurnToTurn;
			sourceTree = "<group>";
		};
		CAD1503A28350C62005E265D /* Preview Content */ = {
			isa = PBXGroup;
			children = (
				CAD1503B28350C62005E265D /* Preview Assets.xcassets */,
			);
			path = "Preview Content";
			sourceTree = "<group>";
		};
		CAD1504428350C92005E265D /* Screens */ = {
			isa = PBXGroup;
			children = (
				CAD150C028351C68005E265D /* TurnToTurnScreen */,
				CAD150BB28351C4C005E265D /* SelectLocationScreen */,
				CAD1506128350D90005E265D /* LandingScreen */,
				CAD150892835129B005E265D /* MainTabView */,
				CAD1506828350DE8005E265D /* Home */,
				CAD1508E28351309005E265D /* StatictisScreen */,
				CAD150932835133C005E265D /* LocationsScreen */,
				CAD1509828351367005E265D /* ProfileScreen */,
			);
			path = Screens;
			sourceTree = "<group>";
		};
		CAD1504528350C98005E265D /* Views */ = {
			isa = PBXGroup;
			children = (
				CAA72EA928363F9C000D3DE6 /* DropdownDateView */,
				CAA72E8F28363E45000D3DE6 /* ColumnChart */,
				CAD150E5283528CF005E265D /* LoadingView.swift */,
				CAA72EC72836671F000D3DE6 /* TripStatisticsLabel.swift */,
				CAA72ECA28366759000D3DE6 /* LocationMarker.swift */,
				CAA72EAD28363FF8000D3DE6 /* BottomSheetNotificationView.swift */,
				CAD150E22835281B005E265D /* AddNewLocationView.swift */,
				CAD150DC28351F66005E265D /* DestinationIcon.swift */,
				CAA72EC128366498000D3DE6 /* DirectionsStepsView.swift */,
				CAD150D928351ECB005E265D /* BlurView.swift */,
				CA6F3A59283A21F400202589 /* StepsListView.swift */,
				CAD150D628351E82005E265D /* ErrorView.swift */,
				CAD150C528351D1C005E265D /* UserImageView.swift */,
				CAD150C828351D34005E265D /* LocationIcon.swift */,
				CAD150D328351E75005E265D /* LocationHugeIcon.swift */,
				CAD1506528350DB0005E265D /* AnimatedText.swift */,
				CAD1507328350F3B005E265D /* AppTabbarView.swift */,
				CAD1507428350F3B005E265D /* TabbarButton.swift */,
				CAD1508628351081005E265D /* BackgroundView.swift */,
				CAD150EA28352918005E265D /* MapCenterIndicator.swift */,
				CA6F3ABC283B9CB800202589 /* AddressAutoCompleter */,
			);
			path = Views;
			sourceTree = "<group>";
		};
		CAD1504628350C9E005E265D /* Shapes */ = {
			isa = PBXGroup;
			children = (
				CAD1507A28350F61005E265D /* CustomRoundedShape.swift */,
				CAD1507928350F61005E265D /* Ellipes.swift */,
				CAD1507C28350F61005E265D /* NavigationButtonShape.swift */,
				CAD1507828350F61005E265D /* TabbarBGShape.swift */,
				CAD1507B28350F61005E265D /* TabbarShape.swift */,
			);
			path = Shapes;
			sourceTree = "<group>";
		};
		CAD1504728350CA4005E265D /* Maps */ = {
			isa = PBXGroup;
			children = (
				CAA72EB828365DA2000D3DE6 /* CustomMapPin.swift */,
				CAA72EB528365D44000D3DE6 /* MapView.swift */,
				CAA72EBB28366373000D3DE6 /* TripDetails.swift */,
			);
			path = Maps;
			sourceTree = "<group>";
		};
		CAD1504828350CB2005E265D /* Models */ = {
			isa = PBXGroup;
			children = (
				CAA72E9C28363E67000D3DE6 /* DailyCrossedDistance.swift */,
				CAD150DF28351FFC005E265D /* Location.swift */,
				CAD1508328350FA8005E265D /* NavigationButtonDirection.swift */,
				CAD1507028350EB7005E265D /* TabbarItem.swift */,
				CAA72ED728366E8D000D3DE6 /* Voice.swift */,
				CA6F3A52283A1B9300202589 /* MapStep.swift */,
			);
			path = Models;
			sourceTree = "<group>";
		};
		CAD1504928350CBC005E265D /* Services */ = {
			isa = PBXGroup;
			children = (
				CAD1506D28350E29005E265D /* MapManager.swift */,
				CAD150F128352C46005E265D /* MapManagerError.swift */,
				CAD150EE28352C0F005E265D /* MapRelatedService.swift */,
				CAA72E8C28361E6E000D3DE6 /* SessionManager.swift */,
			);
			path = Services;
			sourceTree = "<group>";
		};
		CAD1504A28350CC5005E265D /* Modifires */ = {
			isa = PBXGroup;
			children = (
				CAA72EC42836651D000D3DE6 /* BlinkViewModifier.swift */,
				CAA72EBE283663CB000D3DE6 /* RoundedButtonModifier.swift */,
				CAD150CB28351D93005E265D /* ThickLabelModifire.swift */,
				CAD150CE28351DCF005E265D /* GradientWithIconButtonModifire.swift */,
				CAA72EA328363F14000D3DE6 /* NavigationButtonModifire.swift */,
				CAA72EA628363F67000D3DE6 /* GreedyViewModifire.swift */,
				CAD150CF28351DCF005E265D /* StrokeWithIconButtonModifire.swift */,
			);
			path = Modifires;
			sourceTree = "<group>";
		};
		CAD1504B28350CCD005E265D /* Extensions */ = {
			isa = PBXGroup;
			children = (
				CAD1505528350D67005E265D /* CLPlacemark+Extension.swift */,
				CAD1505028350D67005E265D /* Color+Extension.swift */,
				CAD1505328350D67005E265D /* Date+Extension.swift */,
				CAD1505228350D67005E265D /* Double+Extension.swift */,
				CAD1505128350D67005E265D /* FileManager+Extension.swift */,
				CAD1504E28350D67005E265D /* Font+Extension.swift */,
				CAD1505628350D67005E265D /* Int+Extension.swift */,
				CAD1505428350D67005E265D /* LinearGradient+Extension.swift */,
				CAD1504F28350D67005E265D /* MKCoordinateRegion.swift */,
				CAA72ECE28366823000D3DE6 /* AVSpeechSynthesizer.swift */,
				CAA72ED128366850000D3DE6 /* MKRoute.Step+Extension.swift */,
				CAA72ED428366888000D3DE6 /* MKRoute+Extension.swift */,
				CAA72EDB28367D81000D3DE6 /* MKMapView+Extension.swift */,
				CA6F3A55283A1C9B00202589 /* CLLocationCoordinate2D+Extension.swift */,
				CA6F3AC3283BB0A600202589 /* View+Extension.swift */,
			);
			path = Extensions;
			sourceTree = "<group>";
		};
		CAD1504C28350CD5005E265D /* Resourse */ = {
			isa = PBXGroup;
			children = (
				CAD1509E283514B4005E265D /* Fonts */,
				CAD1503828350C62005E265D /* Assets.xcassets */,
				CAD1503428350C60005E265D /* TurnToTurnApp.swift */,
				CAD1503628350C60005E265D /* ContentView.swift */,
				CAD150AC283514CB005E265D /* Constants.swift */,
				CAD150AD283514CB005E265D /* LaunchScreen.storyboard */,
			);
			path = Resourse;
			sourceTree = "<group>";
		};
		CAD1506128350D90005E265D /* LandingScreen */ = {
			isa = PBXGroup;
			children = (
				CAD1506228350D90005E265D /* LandingScreen.swift */,
			);
			path = LandingScreen;
			sourceTree = "<group>";
		};
		CAD1506828350DE8005E265D /* Home */ = {
			isa = PBXGroup;
			children = (
				CAD150B3283518B7005E265D /* HomeViewModel */,
				CAD1506928350DF8005E265D /* HomeScreen.swift */,
			);
			path = Home;
			sourceTree = "<group>";
		};
		CAD150892835129B005E265D /* MainTabView */ = {
			isa = PBXGroup;
			children = (
				CAD1508A283512AD005E265D /* MainTabView.swift */,
			);
			path = MainTabView;
			sourceTree = "<group>";
		};
		CAD1508E28351309005E265D /* StatictisScreen */ = {
			isa = PBXGroup;
			children = (
				CAD1508F2835131B005E265D /* StatictisScreen.swift */,
			);
			path = StatictisScreen;
			sourceTree = "<group>";
		};
		CAD150932835133C005E265D /* LocationsScreen */ = {
			isa = PBXGroup;
			children = (
				CAD150942835134E005E265D /* LocationsScreen.swift */,
			);
			path = LocationsScreen;
			sourceTree = "<group>";
		};
		CAD1509828351367005E265D /* ProfileScreen */ = {
			isa = PBXGroup;
			children = (
				CAD1509928351379005E265D /* ProfileScreen.swift */,
			);
			path = ProfileScreen;
			sourceTree = "<group>";
		};
		CAD1509E283514B4005E265D /* Fonts */ = {
			isa = PBXGroup;
			children = (
				CAD1509F283514B4005E265D /* FontsFree-Net-SFProText-Light-1.ttf */,
				CAD150A0283514B4005E265D /* FontsFree-Net-SFProText-Medium-1.ttf */,
				CAD150A1283514B4005E265D /* FontsFree-Net-SFProText-Regular.ttf */,
				CAD150A2283514B4005E265D /* FontsFree-Net-SFProText-Bold-1.ttf */,
				CAD150A3283514B4005E265D /* FontsFree-Net-SFProText-Heavy-1.ttf */,
				CAD150A4283514B4005E265D /* FontsFree-Net-SFProText-Semibold-1.ttf */,
			);
			path = Fonts;
			sourceTree = "<group>";
		};
		CAD150B3283518B7005E265D /* HomeViewModel */ = {
			isa = PBXGroup;
			children = (
				CAD150B4283518C6005E265D /* HomeViewModel.swift */,
			);
			path = HomeViewModel;
			sourceTree = "<group>";
		};
		CAD150BB28351C4C005E265D /* SelectLocationScreen */ = {
			isa = PBXGroup;
			children = (
				CAD150BC28351C58005E265D /* SelectLocationScreen.swift */,
			);
			path = SelectLocationScreen;
			sourceTree = "<group>";
		};
		CAD150C028351C68005E265D /* TurnToTurnScreen */ = {
			isa = PBXGroup;
			children = (
				CAD150C128351C79005E265D /* TurnToTurnScreen.swift */,
			);
			path = TurnToTurnScreen;
			sourceTree = "<group>";
		};
/* End PBXGroup section */

/* Begin PBXNativeTarget section */
		CAD1503028350C60005E265D /* TurnToTurn */ = {
			isa = PBXNativeTarget;
			buildConfigurationList = CAD1504028350C62005E265D /* Build configuration list for PBXNativeTarget "TurnToTurn" */;
			buildPhases = (
				CAD1502D28350C60005E265D /* Sources */,
				CAD1502E28350C60005E265D /* Frameworks */,
				CAD1502F28350C60005E265D /* Resources */,
			);
			buildRules = (
			);
			dependencies = (
			);
			name = TurnToTurn;
			productName = TurnToTurn;
			productReference = CAD1503128350C60005E265D /* TurnToTurn.app */;
			productType = "com.apple.product-type.application";
		};
/* End PBXNativeTarget section */

/* Begin PBXProject section */
		CAD1502928350C60005E265D /* Project object */ = {
			isa = PBXProject;
			attributes = {
				LastSwiftUpdateCheck = 1240;
				LastUpgradeCheck = 1240;
				TargetAttributes = {
					CAD1503028350C60005E265D = {
						CreatedOnToolsVersion = 12.4;
					};
				};
			};
			buildConfigurationList = CAD1502C28350C60005E265D /* Build configuration list for PBXProject "TurnToTurn" */;
			compatibilityVersion = "Xcode 9.3";
			developmentRegion = en;
			hasScannedForEncodings = 0;
			knownRegions = (
				en,
				Base,
			);
			mainGroup = CAD1502828350C60005E265D;
			productRefGroup = CAD1503228350C60005E265D /* Products */;
			projectDirPath = "";
			projectRoot = "";
			targets = (
				CAD1503028350C60005E265D /* TurnToTurn */,
			);
		};
/* End PBXProject section */

/* Begin PBXResourcesBuildPhase section */
		CAD1502F28350C60005E265D /* Resources */ = {
			isa = PBXResourcesBuildPhase;
			buildActionMask = 2147483647;
			files = (
				CAD150AF283514CC005E265D /* LaunchScreen.storyboard in Resources */,
				CAD150AA283514B4005E265D /* FontsFree-Net-SFProText-Semibold-1.ttf in Resources */,
				CAD150A6283514B4005E265D /* FontsFree-Net-SFProText-Medium-1.ttf in Resources */,
				CAD150A7283514B4005E265D /* FontsFree-Net-SFProText-Regular.ttf in Resources */,
				CAD150A8283514B4005E265D /* FontsFree-Net-SFProText-Bold-1.ttf in Resources */,
				CAD1503C28350C62005E265D /* Preview Assets.xcassets in Resources */,
				CAD150A9283514B4005E265D /* FontsFree-Net-SFProText-Heavy-1.ttf in Resources */,
				CAD1503928350C62005E265D /* Assets.xcassets in Resources */,
				CAD150A5283514B4005E265D /* FontsFree-Net-SFProText-Light-1.ttf in Resources */,
			);
			runOnlyForDeploymentPostprocessing = 0;
		};
/* End PBXResourcesBuildPhase section */

/* Begin PBXSourcesBuildPhase section */
		CAD1502D28350C60005E265D /* Sources */ = {
			isa = PBXSourcesBuildPhase;
			buildActionMask = 2147483647;
			files = (
				CAD1503728350C60005E265D /* ContentView.swift in Sources */,
				CAD1506E28350E29005E265D /* MapManager.swift in Sources */,
				CAA72E9928363E45000D3DE6 /* CGFloat+Extension.swift in Sources */,
				CAD1507F28350F61005E265D /* CustomRoundedShape.swift in Sources */,
				CAD150F228352C46005E265D /* MapManagerError.swift in Sources */,
				CAD150D128351DCF005E265D /* StrokeWithIconButtonModifire.swift in Sources */,
				CAA72ED828366E8D000D3DE6 /* Voice.swift in Sources */,
				CAA72EAE28363FF8000D3DE6 /* BottomSheetNotificationView.swift in Sources */,
				CAA72EC52836651D000D3DE6 /* BlinkViewModifier.swift in Sources */,
				CAD150D428351E75005E265D /* LocationHugeIcon.swift in Sources */,
				CA6F3AC4283BB0A600202589 /* View+Extension.swift in Sources */,
				CAD1508028350F61005E265D /* TabbarShape.swift in Sources */,
				CAD1508128350F61005E265D /* NavigationButtonShape.swift in Sources */,
				CAD150AE283514CC005E265D /* Constants.swift in Sources */,
				CAD1505928350D67005E265D /* Color+Extension.swift in Sources */,
				CAD1506A28350DF8005E265D /* HomeScreen.swift in Sources */,
				CAD1508B283512AD005E265D /* MainTabView.swift in Sources */,
				CAA72ECF28366823000D3DE6 /* AVSpeechSynthesizer.swift in Sources */,
				CAA72EB628365D44000D3DE6 /* MapView.swift in Sources */,
				CAA72EC82836671F000D3DE6 /* TripStatisticsLabel.swift in Sources */,
				CAA72E9728363E45000D3DE6 /* GraphColumnsChartView.swift in Sources */,
				CAA72E9828363E45000D3DE6 /* GraphColumnsChartItem.swift in Sources */,
				CAA72EA028363EB4000D3DE6 /* DropDownDateView.swift in Sources */,
				CAA72EAB28363FB5000D3DE6 /* DropdownList.swift in Sources */,
				CAD150952835134E005E265D /* LocationsScreen.swift in Sources */,
				CAD150DD28351F66005E265D /* DestinationIcon.swift in Sources */,
				CAA72EA728363F67000D3DE6 /* GreedyViewModifire.swift in Sources */,
				CA6F3ABA283B9AAE00202589 /* AddressAutoCompleterView.swift in Sources */,
				CAD150C928351D34005E265D /* LocationIcon.swift in Sources */,
				CAD1508428350FA8005E265D /* NavigationButtonDirection.swift in Sources */,
				CAD1507D28350F61005E265D /* TabbarBGShape.swift in Sources */,
				CAD1505D28350D67005E265D /* LinearGradient+Extension.swift in Sources */,
				CAA72EB928365DA2000D3DE6 /* CustomMapPin.swift in Sources */,
				CAD150EF28352C0F005E265D /* MapRelatedService.swift in Sources */,
				CA6F3A5A283A21F400202589 /* StepsListView.swift in Sources */,
				CAD1507628350F3B005E265D /* TabbarButton.swift in Sources */,
				CA6F3A56283A1C9B00202589 /* CLLocationCoordinate2D+Extension.swift in Sources */,
				CAA72ED228366850000D3DE6 /* MKRoute.Step+Extension.swift in Sources */,
				CAA72E8D28361E6E000D3DE6 /* SessionManager.swift in Sources */,
				CA6F3ACA283BC02D00202589 /* TurnToTurnDataModel.xcdatamodeld in Sources */,
				CAD150BD28351C58005E265D /* SelectLocationScreen.swift in Sources */,
				CAD150902835131B005E265D /* StatictisScreen.swift in Sources */,
				CAD1505B28350D67005E265D /* Double+Extension.swift in Sources */,
				CAD1507128350EB7005E265D /* TabbarItem.swift in Sources */,
				CAA72EBF283663CB000D3DE6 /* RoundedButtonModifier.swift in Sources */,
				CAD150D728351E82005E265D /* ErrorView.swift in Sources */,
				CAD1506628350DB0005E265D /* AnimatedText.swift in Sources */,
				CAD150C228351C79005E265D /* TurnToTurnScreen.swift in Sources */,
				CAD1503528350C60005E265D /* TurnToTurnApp.swift in Sources */,
				CAD1508728351081005E265D /* BackgroundView.swift in Sources */,
				CAA72EBC28366373000D3DE6 /* TripDetails.swift in Sources */,
				CAD150E32835281B005E265D /* AddNewLocationView.swift in Sources */,
				CAD1505F28350D67005E265D /* Int+Extension.swift in Sources */,
				CAD150EB28352918005E265D /* MapCenterIndicator.swift in Sources */,
				CAD1505728350D67005E265D /* Font+Extension.swift in Sources */,
				CAD150DA28351ECB005E265D /* BlurView.swift in Sources */,
				CAD1506328350D90005E265D /* LandingScreen.swift in Sources */,
				CAD1507E28350F61005E265D /* Ellipes.swift in Sources */,
				CAD150CC28351D93005E265D /* ThickLabelModifire.swift in Sources */,
				CA6F3ABF283B9CDE00202589 /* AddressCompleter.swift in Sources */,
				CAD150E028351FFC005E265D /* Location.swift in Sources */,
				CA6F3A53283A1B9300202589 /* MapStep.swift in Sources */,
				CAA72ECB28366759000D3DE6 /* LocationMarker.swift in Sources */,
				CAA72EC228366498000D3DE6 /* DirectionsStepsView.swift in Sources */,
				CAD150D028351DCF005E265D /* GradientWithIconButtonModifire.swift in Sources */,
				CAD1505C28350D67005E265D /* Date+Extension.swift in Sources */,
				CAA72E9A28363E45000D3DE6 /* GraphColumnView.swift in Sources */,
				CAD1507528350F3B005E265D /* AppTabbarView.swift in Sources */,
				CAA72EDC28367D81000D3DE6 /* MKMapView+Extension.swift in Sources */,
				CAD150C628351D1C005E265D /* UserImageView.swift in Sources */,
				CAD1509A28351379005E265D /* ProfileScreen.swift in Sources */,
				CAD1505828350D67005E265D /* MKCoordinateRegion.swift in Sources */,
				CAD1505A28350D67005E265D /* FileManager+Extension.swift in Sources */,
				CAD150B5283518C6005E265D /* HomeViewModel.swift in Sources */,
				CAA72EA428363F14000D3DE6 /* NavigationButtonModifire.swift in Sources */,
				CAD1505E28350D67005E265D /* CLPlacemark+Extension.swift in Sources */,
				CAA72E9D28363E67000D3DE6 /* DailyCrossedDistance.swift in Sources */,
				CAD150E6283528CF005E265D /* LoadingView.swift in Sources */,
				CA6F3ACD283BC11600202589 /* CoreDataManager.swift in Sources */,
				CAA72ED528366888000D3DE6 /* MKRoute+Extension.swift in Sources */,
			);
			runOnlyForDeploymentPostprocessing = 0;
		};
/* End PBXSourcesBuildPhase section */

/* Begin XCBuildConfiguration section */
		CAD1503E28350C62005E265D /* Debug */ = {
			isa = XCBuildConfiguration;
			buildSettings = {
				ALWAYS_SEARCH_USER_PATHS = NO;
				CLANG_ANALYZER_NONNULL = YES;
				CLANG_ANALYZER_NUMBER_OBJECT_CONVERSION = YES_AGGRESSIVE;
				CLANG_CXX_LANGUAGE_STANDARD = "gnu++14";
				CLANG_CXX_LIBRARY = "libc++";
				CLANG_ENABLE_MODULES = YES;
				CLANG_ENABLE_OBJC_ARC = YES;
				CLANG_ENABLE_OBJC_WEAK = YES;
				CLANG_WARN_BLOCK_CAPTURE_AUTORELEASING = YES;
				CLANG_WARN_BOOL_CONVERSION = YES;
				CLANG_WARN_COMMA = YES;
				CLANG_WARN_CONSTANT_CONVERSION = YES;
				CLANG_WARN_DEPRECATED_OBJC_IMPLEMENTATIONS = YES;
				CLANG_WARN_DIRECT_OBJC_ISA_USAGE = YES_ERROR;
				CLANG_WARN_DOCUMENTATION_COMMENTS = YES;
				CLANG_WARN_EMPTY_BODY = YES;
				CLANG_WARN_ENUM_CONVERSION = YES;
				CLANG_WARN_INFINITE_RECURSION = YES;
				CLANG_WARN_INT_CONVERSION = YES;
				CLANG_WARN_NON_LITERAL_NULL_CONVERSION = YES;
				CLANG_WARN_OBJC_IMPLICIT_RETAIN_SELF = YES;
				CLANG_WARN_OBJC_LITERAL_CONVERSION = YES;
				CLANG_WARN_OBJC_ROOT_CLASS = YES_ERROR;
				CLANG_WARN_QUOTED_INCLUDE_IN_FRAMEWORK_HEADER = YES;
				CLANG_WARN_RANGE_LOOP_ANALYSIS = YES;
				CLANG_WARN_STRICT_PROTOTYPES = YES;
				CLANG_WARN_SUSPICIOUS_MOVE = YES;
				CLANG_WARN_UNGUARDED_AVAILABILITY = YES_AGGRESSIVE;
				CLANG_WARN_UNREACHABLE_CODE = YES;
				CLANG_WARN__DUPLICATE_METHOD_MATCH = YES;
				COPY_PHASE_STRIP = NO;
				DEBUG_INFORMATION_FORMAT = dwarf;
				ENABLE_STRICT_OBJC_MSGSEND = YES;
				ENABLE_TESTABILITY = YES;
				GCC_C_LANGUAGE_STANDARD = gnu11;
				GCC_DYNAMIC_NO_PIC = NO;
				GCC_NO_COMMON_BLOCKS = YES;
				GCC_OPTIMIZATION_LEVEL = 0;
				GCC_PREPROCESSOR_DEFINITIONS = (
					"DEBUG=1",
					"$(inherited)",
				);
				GCC_WARN_64_TO_32_BIT_CONVERSION = YES;
				GCC_WARN_ABOUT_RETURN_TYPE = YES_ERROR;
				GCC_WARN_UNDECLARED_SELECTOR = YES;
				GCC_WARN_UNINITIALIZED_AUTOS = YES_AGGRESSIVE;
				GCC_WARN_UNUSED_FUNCTION = YES;
				GCC_WARN_UNUSED_VARIABLE = YES;
				IPHONEOS_DEPLOYMENT_TARGET = 14.4;
				MTL_ENABLE_DEBUG_INFO = INCLUDE_SOURCE;
				MTL_FAST_MATH = YES;
				ONLY_ACTIVE_ARCH = YES;
				SDKROOT = iphoneos;
				SWIFT_ACTIVE_COMPILATION_CONDITIONS = DEBUG;
				SWIFT_OPTIMIZATION_LEVEL = "-Onone";
			};
			name = Debug;
		};
		CAD1503F28350C62005E265D /* Release */ = {
			isa = XCBuildConfiguration;
			buildSettings = {
				ALWAYS_SEARCH_USER_PATHS = NO;
				CLANG_ANALYZER_NONNULL = YES;
				CLANG_ANALYZER_NUMBER_OBJECT_CONVERSION = YES_AGGRESSIVE;
				CLANG_CXX_LANGUAGE_STANDARD = "gnu++14";
				CLANG_CXX_LIBRARY = "libc++";
				CLANG_ENABLE_MODULES = YES;
				CLANG_ENABLE_OBJC_ARC = YES;
				CLANG_ENABLE_OBJC_WEAK = YES;
				CLANG_WARN_BLOCK_CAPTURE_AUTORELEASING = YES;
				CLANG_WARN_BOOL_CONVERSION = YES;
				CLANG_WARN_COMMA = YES;
				CLANG_WARN_CONSTANT_CONVERSION = YES;
				CLANG_WARN_DEPRECATED_OBJC_IMPLEMENTATIONS = YES;
				CLANG_WARN_DIRECT_OBJC_ISA_USAGE = YES_ERROR;
				CLANG_WARN_DOCUMENTATION_COMMENTS = YES;
				CLANG_WARN_EMPTY_BODY = YES;
				CLANG_WARN_ENUM_CONVERSION = YES;
				CLANG_WARN_INFINITE_RECURSION = YES;
				CLANG_WARN_INT_CONVERSION = YES;
				CLANG_WARN_NON_LITERAL_NULL_CONVERSION = YES;
				CLANG_WARN_OBJC_IMPLICIT_RETAIN_SELF = YES;
				CLANG_WARN_OBJC_LITERAL_CONVERSION = YES;
				CLANG_WARN_OBJC_ROOT_CLASS = YES_ERROR;
				CLANG_WARN_QUOTED_INCLUDE_IN_FRAMEWORK_HEADER = YES;
				CLANG_WARN_RANGE_LOOP_ANALYSIS = YES;
				CLANG_WARN_STRICT_PROTOTYPES = YES;
				CLANG_WARN_SUSPICIOUS_MOVE = YES;
				CLANG_WARN_UNGUARDED_AVAILABILITY = YES_AGGRESSIVE;
				CLANG_WARN_UNREACHABLE_CODE = YES;
				CLANG_WARN__DUPLICATE_METHOD_MATCH = YES;
				COPY_PHASE_STRIP = NO;
				DEBUG_INFORMATION_FORMAT = "dwarf-with-dsym";
				ENABLE_NS_ASSERTIONS = NO;
				ENABLE_STRICT_OBJC_MSGSEND = YES;
				GCC_C_LANGUAGE_STANDARD = gnu11;
				GCC_NO_COMMON_BLOCKS = YES;
				GCC_WARN_64_TO_32_BIT_CONVERSION = YES;
				GCC_WARN_ABOUT_RETURN_TYPE = YES_ERROR;
				GCC_WARN_UNDECLARED_SELECTOR = YES;
				GCC_WARN_UNINITIALIZED_AUTOS = YES_AGGRESSIVE;
				GCC_WARN_UNUSED_FUNCTION = YES;
				GCC_WARN_UNUSED_VARIABLE = YES;
				IPHONEOS_DEPLOYMENT_TARGET = 14.4;
				MTL_ENABLE_DEBUG_INFO = NO;
				MTL_FAST_MATH = YES;
				SDKROOT = iphoneos;
				SWIFT_COMPILATION_MODE = wholemodule;
				SWIFT_OPTIMIZATION_LEVEL = "-O";
				VALIDATE_PRODUCT = YES;
			};
			name = Release;
		};
		CAD1504128350C62005E265D /* Debug */ = {
			isa = XCBuildConfiguration;
			buildSettings = {
				ASSETCATALOG_COMPILER_APPICON_NAME = AppIcon;
				ASSETCATALOG_COMPILER_GLOBAL_ACCENT_COLOR_NAME = AccentColor;
				CODE_SIGN_STYLE = Automatic;
				DEVELOPMENT_ASSET_PATHS = "\"TurnToTurn/Preview Content\"";
				DEVELOPMENT_TEAM = 95563VRD3R;
				ENABLE_PREVIEWS = YES;
				INFOPLIST_FILE = TurnToTurn/Info.plist;
				IPHONEOS_DEPLOYMENT_TARGET = 14.0;
				LD_RUNPATH_SEARCH_PATHS = (
					"$(inherited)",
					"@executable_path/Frameworks",
				);
				PRODUCT_BUNDLE_IDENTIFIER = com.codersdc.TurnToTurn;
				PRODUCT_NAME = "$(TARGET_NAME)";
				SWIFT_VERSION = 5.0;
				TARGETED_DEVICE_FAMILY = "1,2";
			};
			name = Debug;
		};
		CAD1504228350C62005E265D /* Release */ = {
			isa = XCBuildConfiguration;
			buildSettings = {
				ASSETCATALOG_COMPILER_APPICON_NAME = AppIcon;
				ASSETCATALOG_COMPILER_GLOBAL_ACCENT_COLOR_NAME = AccentColor;
				CODE_SIGN_STYLE = Automatic;
				DEVELOPMENT_ASSET_PATHS = "\"TurnToTurn/Preview Content\"";
				DEVELOPMENT_TEAM = 95563VRD3R;
				ENABLE_PREVIEWS = YES;
				INFOPLIST_FILE = TurnToTurn/Info.plist;
				IPHONEOS_DEPLOYMENT_TARGET = 14.0;
				LD_RUNPATH_SEARCH_PATHS = (
					"$(inherited)",
					"@executable_path/Frameworks",
				);
				PRODUCT_BUNDLE_IDENTIFIER = com.codersdc.TurnToTurn;
				PRODUCT_NAME = "$(TARGET_NAME)";
				SWIFT_VERSION = 5.0;
				TARGETED_DEVICE_FAMILY = "1,2";
			};
			name = Release;
		};
/* End XCBuildConfiguration section */

/* Begin XCConfigurationList section */
		CAD1502C28350C60005E265D /* Build configuration list for PBXProject "TurnToTurn" */ = {
			isa = XCConfigurationList;
			buildConfigurations = (
				CAD1503E28350C62005E265D /* Debug */,
				CAD1503F28350C62005E265D /* Release */,
			);
			defaultConfigurationIsVisible = 0;
			defaultConfigurationName = Release;
		};
		CAD1504028350C62005E265D /* Build configuration list for PBXNativeTarget "TurnToTurn" */ = {
			isa = XCConfigurationList;
			buildConfigurations = (
				CAD1504128350C62005E265D /* Debug */,
				CAD1504228350C62005E265D /* Release */,
			);
			defaultConfigurationIsVisible = 0;
			defaultConfigurationName = Release;
		};
/* End XCConfigurationList section */

/* Begin XCVersionGroup section */
		CA6F3AC8283BC02D00202589 /* TurnToTurnDataModel.xcdatamodeld */ = {
			isa = XCVersionGroup;
			children = (
				CA6F3AC9283BC02D00202589 /* TurnToTurnDataModel.xcdatamodel */,
			);
			currentVersion = CA6F3AC9283BC02D00202589 /* TurnToTurnDataModel.xcdatamodel */;
			path = TurnToTurnDataModel.xcdatamodeld;
			sourceTree = "<group>";
			versionGroupType = wrapper.xcdatamodel;
		};
/* End XCVersionGroup section */
	};
	rootObject = CAD1502928350C60005E265D /* Project object */;
}
