// !$*UTF8*$!
{
	archiveVersion = 1;
	classes = {
	};
	objectVersion = 50;
	objects = {

/* Begin PBXBuildFile section */
		CAD1503528350C60005E265D /* TurnToTurnApp.swift in Sources */ = {isa = PBXBuildFile; fileRef = CAD1503428350C60005E265D /* TurnToTurnApp.swift */; };
		CAD1503728350C60005E265D /* ContentView.swift in Sources */ = {isa = PBXBuildFile; fileRef = CAD1503628350C60005E265D /* ContentView.swift */; };
		CAD1503928350C62005E265D /* Assets.xcassets in Resources */ = {isa = PBXBuildFile; fileRef = CAD1503828350C62005E265D /* Assets.xcassets */; };
		CAD1503C28350C62005E265D /* Preview Assets.xcassets in Resources */ = {isa = PBXBuildFile; fileRef = CAD1503B28350C62005E265D /* Preview Assets.xcassets */; };
		CAD1505728350D67005E265D /* Font+Extension.swift in Sources */ = {isa = PBXBuildFile; fileRef = CAD1504E28350D67005E265D /* Font+Extension.swift */; };
		CAD1505828350D67005E265D /* MKCoordinateRegion.swift in Sources */ = {isa = PBXBuildFile; fileRef = CAD1504F28350D67005E265D /* MKCoordinateRegion.swift */; };
		CAD1505928350D67005E265D /* Color+Extension.swift in Sources */ = {isa = PBXBuildFile; fileRef = CAD1505028350D67005E265D /* Color+Extension.swift */; };
		CAD1505A28350D67005E265D /* FileManager+Extension.swift in Sources */ = {isa = PBXBuildFile; fileRef = CAD1505128350D67005E265D /* FileManager+Extension.swift */; };
		CAD1505B28350D67005E265D /* Double+Extension.swift in Sources */ = {isa = PBXBuildFile; fileRef = CAD1505228350D67005E265D /* Double+Extension.swift */; };
		CAD1505C28350D67005E265D /* Date+Extension.swift in Sources */ = {isa = PBXBuildFile; fileRef = CAD1505328350D67005E265D /* Date+Extension.swift */; };
		CAD1505D28350D67005E265D /* LinearGradient+Extension.swift in Sources */ = {isa = PBXBuildFile; fileRef = CAD1505428350D67005E265D /* LinearGradient+Extension.swift */; };
		CAD1505E28350D67005E265D /* CLPlacemark+Extension.swift in Sources */ = {isa = PBXBuildFile; fileRef = CAD1505528350D67005E265D /* CLPlacemark+Extension.swift */; };
		CAD1505F28350D67005E265D /* Int+Extension.swift in Sources */ = {isa = PBXBuildFile; fileRef = CAD1505628350D67005E265D /* Int+Extension.swift */; };
		CAD1506328350D90005E265D /* LandingScreen.swift in Sources */ = {isa = PBXBuildFile; fileRef = CAD1506228350D90005E265D /* LandingScreen.swift */; };
		CAD1506628350DB0005E265D /* AnimatedText.swift in Sources */ = {isa = PBXBuildFile; fileRef = CAD1506528350DB0005E265D /* AnimatedText.swift */; };
		CAD1506A28350DF8005E265D /* HomeScreen.swift in Sources */ = {isa = PBXBuildFile; fileRef = CAD1506928350DF8005E265D /* HomeScreen.swift */; };
		CAD1506E28350E29005E265D /* MapManager.swift in Sources */ = {isa = PBXBuildFile; fileRef = CAD1506D28350E29005E265D /* MapManager.swift */; };
		CAD1507128350EB7005E265D /* TabbarItem.swift in Sources */ = {isa = PBXBuildFile; fileRef = CAD1507028350EB7005E265D /* TabbarItem.swift */; };
		CAD1507528350F3B005E265D /* AppTabbarView.swift in Sources */ = {isa = PBXBuildFile; fileRef = CAD1507328350F3B005E265D /* AppTabbarView.swift */; };
		CAD1507628350F3B005E265D /* TabbarButton.swift in Sources */ = {isa = PBXBuildFile; fileRef = CAD1507428350F3B005E265D /* TabbarButton.swift */; };
		CAD1507D28350F61005E265D /* TabbarBGShape.swift in Sources */ = {isa = PBXBuildFile; fileRef = CAD1507828350F61005E265D /* TabbarBGShape.swift */; };
		CAD1507E28350F61005E265D /* Ellipes.swift in Sources */ = {isa = PBXBuildFile; fileRef = CAD1507928350F61005E265D /* Ellipes.swift */; };
		CAD1507F28350F61005E265D /* CustomRoundedShape.swift in Sources */ = {isa = PBXBuildFile; fileRef = CAD1507A28350F61005E265D /* CustomRoundedShape.swift */; };
		CAD1508028350F61005E265D /* TabbarShape.swift in Sources */ = {isa = PBXBuildFile; fileRef = CAD1507B28350F61005E265D /* TabbarShape.swift */; };
		CAD1508128350F61005E265D /* NavigationButtonShape.swift in Sources */ = {isa = PBXBuildFile; fileRef = CAD1507C28350F61005E265D /* NavigationButtonShape.swift */; };
		CAD1508428350FA8005E265D /* NavigationButtonDirection.swift in Sources */ = {isa = PBXBuildFile; fileRef = CAD1508328350FA8005E265D /* NavigationButtonDirection.swift */; };
		CAD1508728351081005E265D /* BackgroundView.swift in Sources */ = {isa = PBXBuildFile; fileRef = CAD1508628351081005E265D /* BackgroundView.swift */; };
		CAD1508B283512AD005E265D /* MainTabView.swift in Sources */ = {isa = PBXBuildFile; fileRef = CAD1508A283512AD005E265D /* MainTabView.swift */; };
		CAD150902835131B005E265D /* StatictisScreen.swift in Sources */ = {isa = PBXBuildFile; fileRef = CAD1508F2835131B005E265D /* StatictisScreen.swift */; };
		CAD150952835134E005E265D /* LocationsScreen.swift in Sources */ = {isa = PBXBuildFile; fileRef = CAD150942835134E005E265D /* LocationsScreen.swift */; };
		CAD1509A28351379005E265D /* ProfileScreen.swift in Sources */ = {isa = PBXBuildFile; fileRef = CAD1509928351379005E265D /* ProfileScreen.swift */; };
/* End PBXBuildFile section */

/* Begin PBXFileReference section */
		CAD1503128350C60005E265D /* TurnToTurn.app */ = {isa = PBXFileReference; explicitFileType = wrapper.application; includeInIndex = 0; path = TurnToTurn.app; sourceTree = BUILT_PRODUCTS_DIR; };
		CAD1503428350C60005E265D /* TurnToTurnApp.swift */ = {isa = PBXFileReference; lastKnownFileType = sourcecode.swift; path = TurnToTurnApp.swift; sourceTree = "<group>"; };
		CAD1503628350C60005E265D /* ContentView.swift */ = {isa = PBXFileReference; lastKnownFileType = sourcecode.swift; path = ContentView.swift; sourceTree = "<group>"; };
		CAD1503828350C62005E265D /* Assets.xcassets */ = {isa = PBXFileReference; lastKnownFileType = folder.assetcatalog; path = Assets.xcassets; sourceTree = "<group>"; };
		CAD1503B28350C62005E265D /* Preview Assets.xcassets */ = {isa = PBXFileReference; lastKnownFileType = folder.assetcatalog; path = "Preview Assets.xcassets"; sourceTree = "<group>"; };
		CAD1503D28350C62005E265D /* Info.plist */ = {isa = PBXFileReference; lastKnownFileType = text.plist.xml; path = Info.plist; sourceTree = "<group>"; };
		CAD1504E28350D67005E265D /* Font+Extension.swift */ = {isa = PBXFileReference; fileEncoding = 4; lastKnownFileType = sourcecode.swift; path = "Font+Extension.swift"; sourceTree = "<group>"; };
		CAD1504F28350D67005E265D /* MKCoordinateRegion.swift */ = {isa = PBXFileReference; fileEncoding = 4; lastKnownFileType = sourcecode.swift; path = MKCoordinateRegion.swift; sourceTree = "<group>"; };
		CAD1505028350D67005E265D /* Color+Extension.swift */ = {isa = PBXFileReference; fileEncoding = 4; lastKnownFileType = sourcecode.swift; path = "Color+Extension.swift"; sourceTree = "<group>"; };
		CAD1505128350D67005E265D /* FileManager+Extension.swift */ = {isa = PBXFileReference; fileEncoding = 4; lastKnownFileType = sourcecode.swift; path = "FileManager+Extension.swift"; sourceTree = "<group>"; };
		CAD1505228350D67005E265D /* Double+Extension.swift */ = {isa = PBXFileReference; fileEncoding = 4; lastKnownFileType = sourcecode.swift; path = "Double+Extension.swift"; sourceTree = "<group>"; };
		CAD1505328350D67005E265D /* Date+Extension.swift */ = {isa = PBXFileReference; fileEncoding = 4; lastKnownFileType = sourcecode.swift; path = "Date+Extension.swift"; sourceTree = "<group>"; };
		CAD1505428350D67005E265D /* LinearGradient+Extension.swift */ = {isa = PBXFileReference; fileEncoding = 4; lastKnownFileType = sourcecode.swift; path = "LinearGradient+Extension.swift"; sourceTree = "<group>"; };
		CAD1505528350D67005E265D /* CLPlacemark+Extension.swift */ = {isa = PBXFileReference; fileEncoding = 4; lastKnownFileType = sourcecode.swift; path = "CLPlacemark+Extension.swift"; sourceTree = "<group>"; };
		CAD1505628350D67005E265D /* Int+Extension.swift */ = {isa = PBXFileReference; fileEncoding = 4; lastKnownFileType = sourcecode.swift; path = "Int+Extension.swift"; sourceTree = "<group>"; };
		CAD1506228350D90005E265D /* LandingScreen.swift */ = {isa = PBXFileReference; fileEncoding = 4; lastKnownFileType = sourcecode.swift; path = LandingScreen.swift; sourceTree = "<group>"; };
		CAD1506528350DB0005E265D /* AnimatedText.swift */ = {isa = PBXFileReference; lastKnownFileType = sourcecode.swift; path = AnimatedText.swift; sourceTree = "<group>"; };
		CAD1506928350DF8005E265D /* HomeScreen.swift */ = {isa = PBXFileReference; lastKnownFileType = sourcecode.swift; path = HomeScreen.swift; sourceTree = "<group>"; };
		CAD1506D28350E29005E265D /* MapManager.swift */ = {isa = PBXFileReference; lastKnownFileType = sourcecode.swift; path = MapManager.swift; sourceTree = "<group>"; };
		CAD1507028350EB7005E265D /* TabbarItem.swift */ = {isa = PBXFileReference; fileEncoding = 4; lastKnownFileType = sourcecode.swift; path = TabbarItem.swift; sourceTree = "<group>"; };
		CAD1507328350F3B005E265D /* AppTabbarView.swift */ = {isa = PBXFileReference; fileEncoding = 4; lastKnownFileType = sourcecode.swift; path = AppTabbarView.swift; sourceTree = "<group>"; };
		CAD1507428350F3B005E265D /* TabbarButton.swift */ = {isa = PBXFileReference; fileEncoding = 4; lastKnownFileType = sourcecode.swift; path = TabbarButton.swift; sourceTree = "<group>"; };
		CAD1507828350F61005E265D /* TabbarBGShape.swift */ = {isa = PBXFileReference; fileEncoding = 4; lastKnownFileType = sourcecode.swift; path = TabbarBGShape.swift; sourceTree = "<group>"; };
		CAD1507928350F61005E265D /* Ellipes.swift */ = {isa = PBXFileReference; fileEncoding = 4; lastKnownFileType = sourcecode.swift; path = Ellipes.swift; sourceTree = "<group>"; };
		CAD1507A28350F61005E265D /* CustomRoundedShape.swift */ = {isa = PBXFileReference; fileEncoding = 4; lastKnownFileType = sourcecode.swift; path = CustomRoundedShape.swift; sourceTree = "<group>"; };
		CAD1507B28350F61005E265D /* TabbarShape.swift */ = {isa = PBXFileReference; fileEncoding = 4; lastKnownFileType = sourcecode.swift; path = TabbarShape.swift; sourceTree = "<group>"; };
		CAD1507C28350F61005E265D /* NavigationButtonShape.swift */ = {isa = PBXFileReference; fileEncoding = 4; lastKnownFileType = sourcecode.swift; path = NavigationButtonShape.swift; sourceTree = "<group>"; };
		CAD1508328350FA8005E265D /* NavigationButtonDirection.swift */ = {isa = PBXFileReference; fileEncoding = 4; lastKnownFileType = sourcecode.swift; path = NavigationButtonDirection.swift; sourceTree = "<group>"; };
		CAD1508628351081005E265D /* BackgroundView.swift */ = {isa = PBXFileReference; lastKnownFileType = sourcecode.swift; path = BackgroundView.swift; sourceTree = "<group>"; };
		CAD1508A283512AD005E265D /* MainTabView.swift */ = {isa = PBXFileReference; lastKnownFileType = sourcecode.swift; path = MainTabView.swift; sourceTree = "<group>"; };
		CAD1508F2835131B005E265D /* StatictisScreen.swift */ = {isa = PBXFileReference; lastKnownFileType = sourcecode.swift; path = StatictisScreen.swift; sourceTree = "<group>"; };
		CAD150942835134E005E265D /* LocationsScreen.swift */ = {isa = PBXFileReference; lastKnownFileType = sourcecode.swift; path = LocationsScreen.swift; sourceTree = "<group>"; };
		CAD1509928351379005E265D /* ProfileScreen.swift */ = {isa = PBXFileReference; lastKnownFileType = sourcecode.swift; path = ProfileScreen.swift; sourceTree = "<group>"; };
/* End PBXFileReference section */

/* Begin PBXFrameworksBuildPhase section */
		CAD1502E28350C60005E265D /* Frameworks */ = {
			isa = PBXFrameworksBuildPhase;
			buildActionMask = 2147483647;
			files = (
			);
			runOnlyForDeploymentPostprocessing = 0;
		};
/* End PBXFrameworksBuildPhase section */

/* Begin PBXGroup section */
		CAD1502828350C60005E265D = {
			isa = PBXGroup;
			children = (
				CAD1503328350C60005E265D /* TurnToTurn */,
				CAD1503228350C60005E265D /* Products */,
			);
			sourceTree = "<group>";
		};
		CAD1503228350C60005E265D /* Products */ = {
			isa = PBXGroup;
			children = (
				CAD1503128350C60005E265D /* TurnToTurn.app */,
			);
			name = Products;
			sourceTree = "<group>";
		};
		CAD1503328350C60005E265D /* TurnToTurn */ = {
			isa = PBXGroup;
			children = (
				CAD1504C28350CD5005E265D /* Resourse */,
				CAD1504B28350CCD005E265D /* Extensions */,
				CAD1504A28350CC5005E265D /* Modifires */,
				CAD1504928350CBC005E265D /* Services */,
				CAD1504728350CA4005E265D /* Maps */,
				CAD1504828350CB2005E265D /* Models */,
				CAD1504628350C9E005E265D /* Shapes */,
				CAD1504528350C98005E265D /* Views */,
				CAD1504428350C92005E265D /* Screens */,
				CAD1503D28350C62005E265D /* Info.plist */,
				CAD1503A28350C62005E265D /* Preview Content */,
			);
			path = TurnToTurn;
			sourceTree = "<group>";
		};
		CAD1503A28350C62005E265D /* Preview Content */ = {
			isa = PBXGroup;
			children = (
				CAD1503B28350C62005E265D /* Preview Assets.xcassets */,
			);
			path = "Preview Content";
			sourceTree = "<group>";
		};
		CAD1504428350C92005E265D /* Screens */ = {
			isa = PBXGroup;
			children = (
				CAD1506128350D90005E265D /* LandingScreen */,
				CAD150892835129B005E265D /* MainTabView */,
				CAD1506828350DE8005E265D /* Home */,
				CAD1508E28351309005E265D /* StatictisScreen */,
				CAD150932835133C005E265D /* LocationsScreen */,
				CAD1509828351367005E265D /* ProfileScreen */,
			);
			path = Screens;
			sourceTree = "<group>";
		};
		CAD1504528350C98005E265D /* Views */ = {
			isa = PBXGroup;
			children = (
				CAD1506528350DB0005E265D /* AnimatedText.swift */,
				CAD1507328350F3B005E265D /* AppTabbarView.swift */,
				CAD1507428350F3B005E265D /* TabbarButton.swift */,
				CAD1508628351081005E265D /* BackgroundView.swift */,
			);
			path = Views;
			sourceTree = "<group>";
		};
		CAD1504628350C9E005E265D /* Shapes */ = {
			isa = PBXGroup;
			children = (
				CAD1507A28350F61005E265D /* CustomRoundedShape.swift */,
				CAD1507928350F61005E265D /* Ellipes.swift */,
				CAD1507C28350F61005E265D /* NavigationButtonShape.swift */,
				CAD1507828350F61005E265D /* TabbarBGShape.swift */,
				CAD1507B28350F61005E265D /* TabbarShape.swift */,
			);
			path = Shapes;
			sourceTree = "<group>";
		};
		CAD1504728350CA4005E265D /* Maps */ = {
			isa = PBXGroup;
			children = (
			);
			path = Maps;
			sourceTree = "<group>";
		};
		CAD1504828350CB2005E265D /* Models */ = {
			isa = PBXGroup;
			children = (
				CAD1508328350FA8005E265D /* NavigationButtonDirection.swift */,
				CAD1507028350EB7005E265D /* TabbarItem.swift */,
			);
			path = Models;
			sourceTree = "<group>";
		};
		CAD1504928350CBC005E265D /* Services */ = {
			isa = PBXGroup;
			children = (
				CAD1506D28350E29005E265D /* MapManager.swift */,
			);
			path = Services;
			sourceTree = "<group>";
		};
		CAD1504A28350CC5005E265D /* Modifires */ = {
			isa = PBXGroup;
			children = (
			);
			path = Modifires;
			sourceTree = "<group>";
		};
		CAD1504B28350CCD005E265D /* Extensions */ = {
			isa = PBXGroup;
			children = (
				CAD1505528350D67005E265D /* CLPlacemark+Extension.swift */,
				CAD1505028350D67005E265D /* Color+Extension.swift */,
				CAD1505328350D67005E265D /* Date+Extension.swift */,
				CAD1505228350D67005E265D /* Double+Extension.swift */,
				CAD1505128350D67005E265D /* FileManager+Extension.swift */,
				CAD1504E28350D67005E265D /* Font+Extension.swift */,
				CAD1505628350D67005E265D /* Int+Extension.swift */,
				CAD1505428350D67005E265D /* LinearGradient+Extension.swift */,
				CAD1504F28350D67005E265D /* MKCoordinateRegion.swift */,
			);
			path = Extensions;
			sourceTree = "<group>";
		};
		CAD1504C28350CD5005E265D /* Resourse */ = {
			isa = PBXGroup;
			children = (
				CAD1503428350C60005E265D /* TurnToTurnApp.swift */,
				CAD1503628350C60005E265D /* ContentView.swift */,
				CAD1503828350C62005E265D /* Assets.xcassets */,
			);
			path = Resourse;
			sourceTree = "<group>";
		};
		CAD1506128350D90005E265D /* LandingScreen */ = {
			isa = PBXGroup;
			children = (
				CAD1506228350D90005E265D /* LandingScreen.swift */,
			);
			path = LandingScreen;
			sourceTree = "<group>";
		};
		CAD1506828350DE8005E265D /* Home */ = {
			isa = PBXGroup;
			children = (
				CAD1506928350DF8005E265D /* HomeScreen.swift */,
			);
			path = Home;
			sourceTree = "<group>";
		};
		CAD150892835129B005E265D /* MainTabView */ = {
			isa = PBXGroup;
			children = (
				CAD1508A283512AD005E265D /* MainTabView.swift */,
			);
			path = MainTabView;
			sourceTree = "<group>";
		};
		CAD1508E28351309005E265D /* StatictisScreen */ = {
			isa = PBXGroup;
			children = (
				CAD1508F2835131B005E265D /* StatictisScreen.swift */,
			);
			path = StatictisScreen;
			sourceTree = "<group>";
		};
		CAD150932835133C005E265D /* LocationsScreen */ = {
			isa = PBXGroup;
			children = (
				CAD150942835134E005E265D /* LocationsScreen.swift */,
			);
			path = LocationsScreen;
			sourceTree = "<group>";
		};
		CAD1509828351367005E265D /* ProfileScreen */ = {
			isa = PBXGroup;
			children = (
				CAD1509928351379005E265D /* ProfileScreen.swift */,
			);
			path = ProfileScreen;
			sourceTree = "<group>";
		};
/* End PBXGroup section */

/* Begin PBXNativeTarget section */
		CAD1503028350C60005E265D /* TurnToTurn */ = {
			isa = PBXNativeTarget;
			buildConfigurationList = CAD1504028350C62005E265D /* Build configuration list for PBXNativeTarget "TurnToTurn" */;
			buildPhases = (
				CAD1502D28350C60005E265D /* Sources */,
				CAD1502E28350C60005E265D /* Frameworks */,
				CAD1502F28350C60005E265D /* Resources */,
			);
			buildRules = (
			);
			dependencies = (
			);
			name = TurnToTurn;
			productName = TurnToTurn;
			productReference = CAD1503128350C60005E265D /* TurnToTurn.app */;
			productType = "com.apple.product-type.application";
		};
/* End PBXNativeTarget section */

/* Begin PBXProject section */
		CAD1502928350C60005E265D /* Project object */ = {
			isa = PBXProject;
			attributes = {
				LastSwiftUpdateCheck = 1240;
				LastUpgradeCheck = 1240;
				TargetAttributes = {
					CAD1503028350C60005E265D = {
						CreatedOnToolsVersion = 12.4;
					};
				};
			};
			buildConfigurationList = CAD1502C28350C60005E265D /* Build configuration list for PBXProject "TurnToTurn" */;
			compatibilityVersion = "Xcode 9.3";
			developmentRegion = en;
			hasScannedForEncodings = 0;
			knownRegions = (
				en,
				Base,
			);
			mainGroup = CAD1502828350C60005E265D;
			productRefGroup = CAD1503228350C60005E265D /* Products */;
			projectDirPath = "";
			projectRoot = "";
			targets = (
				CAD1503028350C60005E265D /* TurnToTurn */,
			);
		};
/* End PBXProject section */

/* Begin PBXResourcesBuildPhase section */
		CAD1502F28350C60005E265D /* Resources */ = {
			isa = PBXResourcesBuildPhase;
			buildActionMask = 2147483647;
			files = (
				CAD1503C28350C62005E265D /* Preview Assets.xcassets in Resources */,
				CAD1503928350C62005E265D /* Assets.xcassets in Resources */,
			);
			runOnlyForDeploymentPostprocessing = 0;
		};
/* End PBXResourcesBuildPhase section */

/* Begin PBXSourcesBuildPhase section */
		CAD1502D28350C60005E265D /* Sources */ = {
			isa = PBXSourcesBuildPhase;
			buildActionMask = 2147483647;
			files = (
				CAD1503728350C60005E265D /* ContentView.swift in Sources */,
				CAD1506E28350E29005E265D /* MapManager.swift in Sources */,
				CAD1507F28350F61005E265D /* CustomRoundedShape.swift in Sources */,
				CAD1508028350F61005E265D /* TabbarShape.swift in Sources */,
				CAD1508128350F61005E265D /* NavigationButtonShape.swift in Sources */,
				CAD1505928350D67005E265D /* Color+Extension.swift in Sources */,
				CAD1506A28350DF8005E265D /* HomeScreen.swift in Sources */,
				CAD1508B283512AD005E265D /* MainTabView.swift in Sources */,
				CAD150952835134E005E265D /* LocationsScreen.swift in Sources */,
				CAD1508428350FA8005E265D /* NavigationButtonDirection.swift in Sources */,
				CAD1507D28350F61005E265D /* TabbarBGShape.swift in Sources */,
				CAD1505D28350D67005E265D /* LinearGradient+Extension.swift in Sources */,
				CAD1507628350F3B005E265D /* TabbarButton.swift in Sources */,
				CAD150902835131B005E265D /* StatictisScreen.swift in Sources */,
				CAD1505B28350D67005E265D /* Double+Extension.swift in Sources */,
				CAD1507128350EB7005E265D /* TabbarItem.swift in Sources */,
				CAD1506628350DB0005E265D /* AnimatedText.swift in Sources */,
				CAD1503528350C60005E265D /* TurnToTurnApp.swift in Sources */,
				CAD1508728351081005E265D /* BackgroundView.swift in Sources */,
				CAD1505F28350D67005E265D /* Int+Extension.swift in Sources */,
				CAD1505728350D67005E265D /* Font+Extension.swift in Sources */,
				CAD1506328350D90005E265D /* LandingScreen.swift in Sources */,
				CAD1507E28350F61005E265D /* Ellipes.swift in Sources */,
				CAD1505C28350D67005E265D /* Date+Extension.swift in Sources */,
				CAD1507528350F3B005E265D /* AppTabbarView.swift in Sources */,
				CAD1509A28351379005E265D /* ProfileScreen.swift in Sources */,
				CAD1505828350D67005E265D /* MKCoordinateRegion.swift in Sources */,
				CAD1505A28350D67005E265D /* FileManager+Extension.swift in Sources */,
				CAD1505E28350D67005E265D /* CLPlacemark+Extension.swift in Sources */,
			);
			runOnlyForDeploymentPostprocessing = 0;
		};
/* End PBXSourcesBuildPhase section */

/* Begin XCBuildConfiguration section */
		CAD1503E28350C62005E265D /* Debug */ = {
			isa = XCBuildConfiguration;
			buildSettings = {
				ALWAYS_SEARCH_USER_PATHS = NO;
				CLANG_ANALYZER_NONNULL = YES;
				CLANG_ANALYZER_NUMBER_OBJECT_CONVERSION = YES_AGGRESSIVE;
				CLANG_CXX_LANGUAGE_STANDARD = "gnu++14";
				CLANG_CXX_LIBRARY = "libc++";
				CLANG_ENABLE_MODULES = YES;
				CLANG_ENABLE_OBJC_ARC = YES;
				CLANG_ENABLE_OBJC_WEAK = YES;
				CLANG_WARN_BLOCK_CAPTURE_AUTORELEASING = YES;
				CLANG_WARN_BOOL_CONVERSION = YES;
				CLANG_WARN_COMMA = YES;
				CLANG_WARN_CONSTANT_CONVERSION = YES;
				CLANG_WARN_DEPRECATED_OBJC_IMPLEMENTATIONS = YES;
				CLANG_WARN_DIRECT_OBJC_ISA_USAGE = YES_ERROR;
				CLANG_WARN_DOCUMENTATION_COMMENTS = YES;
				CLANG_WARN_EMPTY_BODY = YES;
				CLANG_WARN_ENUM_CONVERSION = YES;
				CLANG_WARN_INFINITE_RECURSION = YES;
				CLANG_WARN_INT_CONVERSION = YES;
				CLANG_WARN_NON_LITERAL_NULL_CONVERSION = YES;
				CLANG_WARN_OBJC_IMPLICIT_RETAIN_SELF = YES;
				CLANG_WARN_OBJC_LITERAL_CONVERSION = YES;
				CLANG_WARN_OBJC_ROOT_CLASS = YES_ERROR;
				CLANG_WARN_QUOTED_INCLUDE_IN_FRAMEWORK_HEADER = YES;
				CLANG_WARN_RANGE_LOOP_ANALYSIS = YES;
				CLANG_WARN_STRICT_PROTOTYPES = YES;
				CLANG_WARN_SUSPICIOUS_MOVE = YES;
				CLANG_WARN_UNGUARDED_AVAILABILITY = YES_AGGRESSIVE;
				CLANG_WARN_UNREACHABLE_CODE = YES;
				CLANG_WARN__DUPLICATE_METHOD_MATCH = YES;
				COPY_PHASE_STRIP = NO;
				DEBUG_INFORMATION_FORMAT = dwarf;
				ENABLE_STRICT_OBJC_MSGSEND = YES;
				ENABLE_TESTABILITY = YES;
				GCC_C_LANGUAGE_STANDARD = gnu11;
				GCC_DYNAMIC_NO_PIC = NO;
				GCC_NO_COMMON_BLOCKS = YES;
				GCC_OPTIMIZATION_LEVEL = 0;
				GCC_PREPROCESSOR_DEFINITIONS = (
					"DEBUG=1",
					"$(inherited)",
				);
				GCC_WARN_64_TO_32_BIT_CONVERSION = YES;
				GCC_WARN_ABOUT_RETURN_TYPE = YES_ERROR;
				GCC_WARN_UNDECLARED_SELECTOR = YES;
				GCC_WARN_UNINITIALIZED_AUTOS = YES_AGGRESSIVE;
				GCC_WARN_UNUSED_FUNCTION = YES;
				GCC_WARN_UNUSED_VARIABLE = YES;
				IPHONEOS_DEPLOYMENT_TARGET = 14.4;
				MTL_ENABLE_DEBUG_INFO = INCLUDE_SOURCE;
				MTL_FAST_MATH = YES;
				ONLY_ACTIVE_ARCH = YES;
				SDKROOT = iphoneos;
				SWIFT_ACTIVE_COMPILATION_CONDITIONS = DEBUG;
				SWIFT_OPTIMIZATION_LEVEL = "-Onone";
			};
			name = Debug;
		};
		CAD1503F28350C62005E265D /* Release */ = {
			isa = XCBuildConfiguration;
			buildSettings = {
				ALWAYS_SEARCH_USER_PATHS = NO;
				CLANG_ANALYZER_NONNULL = YES;
				CLANG_ANALYZER_NUMBER_OBJECT_CONVERSION = YES_AGGRESSIVE;
				CLANG_CXX_LANGUAGE_STANDARD = "gnu++14";
				CLANG_CXX_LIBRARY = "libc++";
				CLANG_ENABLE_MODULES = YES;
				CLANG_ENABLE_OBJC_ARC = YES;
				CLANG_ENABLE_OBJC_WEAK = YES;
				CLANG_WARN_BLOCK_CAPTURE_AUTORELEASING = YES;
				CLANG_WARN_BOOL_CONVERSION = YES;
				CLANG_WARN_COMMA = YES;
				CLANG_WARN_CONSTANT_CONVERSION = YES;
				CLANG_WARN_DEPRECATED_OBJC_IMPLEMENTATIONS = YES;
				CLANG_WARN_DIRECT_OBJC_ISA_USAGE = YES_ERROR;
				CLANG_WARN_DOCUMENTATION_COMMENTS = YES;
				CLANG_WARN_EMPTY_BODY = YES;
				CLANG_WARN_ENUM_CONVERSION = YES;
				CLANG_WARN_INFINITE_RECURSION = YES;
				CLANG_WARN_INT_CONVERSION = YES;
				CLANG_WARN_NON_LITERAL_NULL_CONVERSION = YES;
				CLANG_WARN_OBJC_IMPLICIT_RETAIN_SELF = YES;
				CLANG_WARN_OBJC_LITERAL_CONVERSION = YES;
				CLANG_WARN_OBJC_ROOT_CLASS = YES_ERROR;
				CLANG_WARN_QUOTED_INCLUDE_IN_FRAMEWORK_HEADER = YES;
				CLANG_WARN_RANGE_LOOP_ANALYSIS = YES;
				CLANG_WARN_STRICT_PROTOTYPES = YES;
				CLANG_WARN_SUSPICIOUS_MOVE = YES;
				CLANG_WARN_UNGUARDED_AVAILABILITY = YES_AGGRESSIVE;
				CLANG_WARN_UNREACHABLE_CODE = YES;
				CLANG_WARN__DUPLICATE_METHOD_MATCH = YES;
				COPY_PHASE_STRIP = NO;
				DEBUG_INFORMATION_FORMAT = "dwarf-with-dsym";
				ENABLE_NS_ASSERTIONS = NO;
				ENABLE_STRICT_OBJC_MSGSEND = YES;
				GCC_C_LANGUAGE_STANDARD = gnu11;
				GCC_NO_COMMON_BLOCKS = YES;
				GCC_WARN_64_TO_32_BIT_CONVERSION = YES;
				GCC_WARN_ABOUT_RETURN_TYPE = YES_ERROR;
				GCC_WARN_UNDECLARED_SELECTOR = YES;
				GCC_WARN_UNINITIALIZED_AUTOS = YES_AGGRESSIVE;
				GCC_WARN_UNUSED_FUNCTION = YES;
				GCC_WARN_UNUSED_VARIABLE = YES;
				IPHONEOS_DEPLOYMENT_TARGET = 14.4;
				MTL_ENABLE_DEBUG_INFO = NO;
				MTL_FAST_MATH = YES;
				SDKROOT = iphoneos;
				SWIFT_COMPILATION_MODE = wholemodule;
				SWIFT_OPTIMIZATION_LEVEL = "-O";
				VALIDATE_PRODUCT = YES;
			};
			name = Release;
		};
		CAD1504128350C62005E265D /* Debug */ = {
			isa = XCBuildConfiguration;
			buildSettings = {
				ASSETCATALOG_COMPILER_APPICON_NAME = AppIcon;
				ASSETCATALOG_COMPILER_GLOBAL_ACCENT_COLOR_NAME = AccentColor;
				CODE_SIGN_STYLE = Automatic;
				DEVELOPMENT_ASSET_PATHS = "\"TurnToTurn/Preview Content\"";
				DEVELOPMENT_TEAM = 95563VRD3R;
				ENABLE_PREVIEWS = YES;
				INFOPLIST_FILE = TurnToTurn/Info.plist;
				IPHONEOS_DEPLOYMENT_TARGET = 14.0;
				LD_RUNPATH_SEARCH_PATHS = (
					"$(inherited)",
					"@executable_path/Frameworks",
				);
				PRODUCT_BUNDLE_IDENTIFIER = com.codersdc.TurnToTurn;
				PRODUCT_NAME = "$(TARGET_NAME)";
				SWIFT_VERSION = 5.0;
				TARGETED_DEVICE_FAMILY = "1,2";
			};
			name = Debug;
		};
		CAD1504228350C62005E265D /* Release */ = {
			isa = XCBuildConfiguration;
			buildSettings = {
				ASSETCATALOG_COMPILER_APPICON_NAME = AppIcon;
				ASSETCATALOG_COMPILER_GLOBAL_ACCENT_COLOR_NAME = AccentColor;
				CODE_SIGN_STYLE = Automatic;
				DEVELOPMENT_ASSET_PATHS = "\"TurnToTurn/Preview Content\"";
				DEVELOPMENT_TEAM = 95563VRD3R;
				ENABLE_PREVIEWS = YES;
				INFOPLIST_FILE = TurnToTurn/Info.plist;
				IPHONEOS_DEPLOYMENT_TARGET = 14.0;
				LD_RUNPATH_SEARCH_PATHS = (
					"$(inherited)",
					"@executable_path/Frameworks",
				);
				PRODUCT_BUNDLE_IDENTIFIER = com.codersdc.TurnToTurn;
				PRODUCT_NAME = "$(TARGET_NAME)";
				SWIFT_VERSION = 5.0;
				TARGETED_DEVICE_FAMILY = "1,2";
			};
			name = Release;
		};
/* End XCBuildConfiguration section */

/* Begin XCConfigurationList section */
		CAD1502C28350C60005E265D /* Build configuration list for PBXProject "TurnToTurn" */ = {
			isa = XCConfigurationList;
			buildConfigurations = (
				CAD1503E28350C62005E265D /* Debug */,
				CAD1503F28350C62005E265D /* Release */,
			);
			defaultConfigurationIsVisible = 0;
			defaultConfigurationName = Release;
		};
		CAD1504028350C62005E265D /* Build configuration list for PBXNativeTarget "TurnToTurn" */ = {
			isa = XCConfigurationList;
			buildConfigurations = (
				CAD1504128350C62005E265D /* Debug */,
				CAD1504228350C62005E265D /* Release */,
			);
			defaultConfigurationIsVisible = 0;
			defaultConfigurationName = Release;
		};
/* End XCConfigurationList section */
	};
	rootObject = CAD1502928350C60005E265D /* Project object */;
}
